<?xml version="1.0" encoding="UTF-8"?>
<!DOCTYPE plist PUBLIC "-//Apple//DTD PLIST 1.0//EN" "http://www.apple.com/DTDs/PropertyList-1.0.dtd">
<plist version="1.0">
<dict>
	<key>archiveVersion</key>
	<string>1</string>
	<key>classes</key>
	<dict/>
	<key>objectVersion</key>
	<string>46</string>
	<key>objects</key>
	<dict>
		<key>1FEF62C1FD5D4491A959DD63</key>
		<dict>
			<key>buildActionMask</key>
			<string>2147483647</string>
			<key>files</key>
			<array/>
			<key>inputPaths</key>
			<array/>
			<key>isa</key>
			<string>PBXShellScriptBuildPhase</string>
			<key>name</key>
			<string>Warn for TODO and FIXME comments</string>
			<key>outputPaths</key>
			<array/>
			<key>runOnlyForDeploymentPostprocessing</key>
			<string>0</string>
			<key>shellPath</key>
			<string>/bin/sh</string>
			<key>shellScript</key>
			<string>KEYWORDS="TODO:|FIXME:|\?\?\?:|\!\!\!:"
find "${SRCROOT}" -ipath "${SRCROOT}/pods" -prune -o \( -name "*.h" -or -name "*.m" \) -print0 | xargs -0 egrep --with-filename --line-number --only-matching "($KEYWORDS).*\$" | perl -p -e "s/($KEYWORDS)/ warning: \$1/"
</string>
		</dict>
		<key>57AA0A9816A6A17A00F9E033</key>
		<dict>
			<key>fileRef</key>
			<string>A43E977F16A67E5500E05562</string>
			<key>isa</key>
			<string>PBXBuildFile</string>
		</dict>
		<key>A42E5DFC16A278A200BB5907</key>
		<dict>
			<key>children</key>
			<array>
				<string>A42E5E3016A27AFE00BB5907</string>
				<string>A42E5E1116A278A200BB5907</string>
				<string>A4A3925116A4D528004A2878</string>
				<string>A42E5E4D16A27B7B00BB5907</string>
				<string>A42E5E0A16A278A200BB5907</string>
				<string>A42E5E0816A278A200BB5907</string>
			</array>
			<key>indentWidth</key>
			<string>4</string>
			<key>isa</key>
			<string>PBXGroup</string>
			<key>sourceTree</key>
			<string>&lt;group&gt;</string>
			<key>tabWidth</key>
			<string>4</string>
			<key>usesTabs</key>
			<string>0</string>
		</dict>
		<key>A42E5DFE16A278A200BB5907</key>
		<dict>
			<key>attributes</key>
			<dict>
				<key>CLASSPREFIX</key>
				<string>OK</string>
				<key>LastUpgradeCheck</key>
				<string>0450</string>
				<key>ORGANIZATIONNAME</key>
				<string>HubKit</string>
			</dict>
			<key>buildConfigurationList</key>
			<string>A42E5E0116A278A200BB5907</string>
			<key>compatibilityVersion</key>
			<string>Xcode 3.2</string>
			<key>developmentRegion</key>
			<string>English</string>
			<key>hasScannedForEncodings</key>
			<string>0</string>
			<key>isa</key>
			<string>PBXProject</string>
			<key>knownRegions</key>
			<array>
				<string>en</string>
			</array>
			<key>mainGroup</key>
			<string>A42E5DFC16A278A200BB5907</string>
			<key>productRefGroup</key>
			<string>A42E5E0816A278A200BB5907</string>
			<key>projectDirPath</key>
			<string></string>
			<key>projectRoot</key>
			<string></string>
			<key>targets</key>
			<array>
				<string>A42E5E0616A278A200BB5907</string>
				<string>A4A3924B16A4D528004A2878</string>
			</array>
		</dict>
		<key>A42E5E0116A278A200BB5907</key>
		<dict>
			<key>buildConfigurations</key>
			<array>
				<string>A42E5E2316A278A200BB5907</string>
				<string>A42E5E2416A278A200BB5907</string>
			</array>
			<key>defaultConfigurationIsVisible</key>
			<string>0</string>
			<key>defaultConfigurationName</key>
			<string>Release</string>
			<key>isa</key>
			<string>XCConfigurationList</string>
		</dict>
		<key>A42E5E0316A278A200BB5907</key>
		<dict>
			<key>buildActionMask</key>
			<string>2147483647</string>
			<key>files</key>
			<array>
				<string>A42E5E1816A278A200BB5907</string>
				<string>A42E5E1C16A278A200BB5907</string>
				<string>A42E5E4316A27B0A00BB5907</string>
				<string>A42E5E4516A27B0A00BB5907</string>
				<string>A42E5E4C16A27B2900BB5907</string>
				<string>A42E5E5216A27BA300BB5907</string>
				<string>A42E5E6616A27BAF00BB5907</string>
				<string>A42E5E6716A27BAF00BB5907</string>
				<string>A42E5E6816A27BAF00BB5907</string>
				<string>A42E5E6916A27BAF00BB5907</string>
				<string>A42E5E6A16A27BAF00BB5907</string>
				<string>A42E5E6B16A27BAF00BB5907</string>
				<string>A42E5E6C16A27BAF00BB5907</string>
				<string>A42E5E6D16A27BAF00BB5907</string>
				<string>A42E5E6E16A27BAF00BB5907</string>
				<string>A42E5E7116A27BEE00BB5907</string>
				<string>A43E972E16A65A6100E05562</string>
				<string>A43E973116A660BE00E05562</string>
				<string>A43E973516A6657F00E05562</string>
				<string>A43E978016A67E5500E05562</string>
				<string>A43E978416A6820800E05562</string>
				<string>A4B3C0FE16A7B38A00643BF3</string>
			</array>
			<key>isa</key>
			<string>PBXSourcesBuildPhase</string>
			<key>runOnlyForDeploymentPostprocessing</key>
			<string>0</string>
		</dict>
		<key>A42E5E0416A278A200BB5907</key>
		<dict>
			<key>buildActionMask</key>
			<string>2147483647</string>
			<key>files</key>
			<array>
				<string>A42E5E7916A27D9100BB5907</string>
				<string>A42E5E7716A27D8A00BB5907</string>
				<string>A42E5E7516A27D1F00BB5907</string>
				<string>A42E5E7316A27D1A00BB5907</string>
				<string>A42E5E0C16A278A200BB5907</string>
				<string>A42E5E0E16A278A200BB5907</string>
				<string>A42E5E1016A278A200BB5907</string>
			</array>
			<key>isa</key>
			<string>PBXFrameworksBuildPhase</string>
			<key>runOnlyForDeploymentPostprocessing</key>
			<string>0</string>
		</dict>
		<key>A42E5E0516A278A200BB5907</key>
		<dict>
			<key>buildActionMask</key>
			<string>2147483647</string>
			<key>files</key>
			<array>
				<string>A42E5E1616A278A200BB5907</string>
				<string>A42E5E1E16A278A200BB5907</string>
				<string>A42E5E2016A278A200BB5907</string>
				<string>A42E5E2216A278A200BB5907</string>
				<string>A43E973616A6657F00E05562</string>
			</array>
			<key>isa</key>
			<string>PBXResourcesBuildPhase</string>
			<key>runOnlyForDeploymentPostprocessing</key>
			<string>0</string>
		</dict>
		<key>A42E5E0616A278A200BB5907</key>
		<dict>
			<key>buildConfigurationList</key>
			<string>A42E5E2516A278A200BB5907</string>
			<key>buildPhases</key>
			<array>
				<string>A42E5E0316A278A200BB5907</string>
				<string>A42E5E0416A278A200BB5907</string>
				<string>A42E5E0516A278A200BB5907</string>
				<string>1FEF62C1FD5D4491A959DD63</string>
			</array>
			<key>buildRules</key>
			<array/>
			<key>dependencies</key>
			<array/>
			<key>isa</key>
			<string>PBXNativeTarget</string>
			<key>name</key>
			<string>HubKit-iOS-Sample</string>
			<key>productName</key>
			<string>HubKit-iOS-Sample</string>
			<key>productReference</key>
			<string>A42E5E0716A278A200BB5907</string>
			<key>productType</key>
			<string>com.apple.product-type.application</string>
		</dict>
		<key>A42E5E0716A278A200BB5907</key>
		<dict>
			<key>explicitFileType</key>
			<string>wrapper.application</string>
			<key>includeInIndex</key>
			<string>0</string>
			<key>isa</key>
			<string>PBXFileReference</string>
			<key>name</key>
			<string>HubKit-iOS-Sample.app</string>
			<key>path</key>
			<string>HubKit-iOS-Sample.app</string>
			<key>sourceTree</key>
			<string>BUILT_PRODUCTS_DIR</string>
		</dict>
		<key>A42E5E0816A278A200BB5907</key>
		<dict>
			<key>children</key>
			<array>
				<string>A42E5E0716A278A200BB5907</string>
				<string>A4A3924C16A4D528004A2878</string>
			</array>
			<key>isa</key>
			<string>PBXGroup</string>
			<key>name</key>
			<string>Products</string>
			<key>sourceTree</key>
			<string>&lt;group&gt;</string>
		</dict>
		<key>A42E5E0A16A278A200BB5907</key>
		<dict>
			<key>children</key>
			<array>
				<string>A43711EA16A521C00084D675</string>
				<string>A42E5E7816A27D9100BB5907</string>
				<string>A42E5E7616A27D8A00BB5907</string>
				<string>A42E5E7416A27D1F00BB5907</string>
				<string>A42E5E7216A27D1A00BB5907</string>
				<string>A42E5E0B16A278A200BB5907</string>
				<string>A42E5E0D16A278A200BB5907</string>
				<string>A42E5E0F16A278A200BB5907</string>
				<string>A4A3924D16A4D528004A2878</string>
			</array>
			<key>isa</key>
			<string>PBXGroup</string>
			<key>name</key>
			<string>Frameworks</string>
			<key>sourceTree</key>
			<string>&lt;group&gt;</string>
		</dict>
		<key>A42E5E0B16A278A200BB5907</key>
		<dict>
			<key>isa</key>
			<string>PBXFileReference</string>
			<key>lastKnownFileType</key>
			<string>wrapper.framework</string>
			<key>name</key>
			<string>UIKit.framework</string>
			<key>path</key>
			<string>System/Library/Frameworks/UIKit.framework</string>
			<key>sourceTree</key>
			<string>SDKROOT</string>
		</dict>
		<key>A42E5E0C16A278A200BB5907</key>
		<dict>
			<key>fileRef</key>
			<string>A42E5E0B16A278A200BB5907</string>
			<key>isa</key>
			<string>PBXBuildFile</string>
		</dict>
		<key>A42E5E0D16A278A200BB5907</key>
		<dict>
			<key>isa</key>
			<string>PBXFileReference</string>
			<key>lastKnownFileType</key>
			<string>wrapper.framework</string>
			<key>name</key>
			<string>Foundation.framework</string>
			<key>path</key>
			<string>System/Library/Frameworks/Foundation.framework</string>
			<key>sourceTree</key>
			<string>SDKROOT</string>
		</dict>
		<key>A42E5E0E16A278A200BB5907</key>
		<dict>
			<key>fileRef</key>
			<string>A42E5E0D16A278A200BB5907</string>
			<key>isa</key>
			<string>PBXBuildFile</string>
		</dict>
		<key>A42E5E0F16A278A200BB5907</key>
		<dict>
			<key>isa</key>
			<string>PBXFileReference</string>
			<key>lastKnownFileType</key>
			<string>wrapper.framework</string>
			<key>name</key>
			<string>CoreGraphics.framework</string>
			<key>path</key>
			<string>System/Library/Frameworks/CoreGraphics.framework</string>
			<key>sourceTree</key>
			<string>SDKROOT</string>
		</dict>
		<key>A42E5E1016A278A200BB5907</key>
		<dict>
			<key>fileRef</key>
			<string>A42E5E0F16A278A200BB5907</string>
			<key>isa</key>
			<string>PBXBuildFile</string>
		</dict>
		<key>A42E5E1116A278A200BB5907</key>
		<dict>
			<key>children</key>
			<array>
				<string>A42E5E1A16A278A200BB5907</string>
				<string>A42E5E1B16A278A200BB5907</string>
				<string>A43E972C16A65A6100E05562</string>
				<string>A43E972D16A65A6100E05562</string>
				<string>A43E973216A6657F00E05562</string>
				<string>A43E973316A6657F00E05562</string>
				<string>A43E973416A6657F00E05562</string>
				<string>A42E5E1216A278A200BB5907</string>
			</array>
			<key>isa</key>
			<string>PBXGroup</string>
			<key>path</key>
			<string>HubKit-iOS-Sample</string>
			<key>sourceTree</key>
			<string>&lt;group&gt;</string>
		</dict>
		<key>A42E5E1216A278A200BB5907</key>
		<dict>
			<key>children</key>
			<array>
				<string>A42E5E1316A278A200BB5907</string>
				<string>A42E5E1416A278A200BB5907</string>
				<string>A42E5E1716A278A200BB5907</string>
				<string>A42E5E1916A278A200BB5907</string>
				<string>A42E5E1D16A278A200BB5907</string>
				<string>A42E5E1F16A278A200BB5907</string>
				<string>A42E5E2116A278A200BB5907</string>
			</array>
			<key>isa</key>
			<string>PBXGroup</string>
			<key>name</key>
			<string>Supporting Files</string>
			<key>sourceTree</key>
			<string>&lt;group&gt;</string>
		</dict>
		<key>A42E5E1316A278A200BB5907</key>
		<dict>
			<key>isa</key>
			<string>PBXFileReference</string>
			<key>lastKnownFileType</key>
			<string>text.plist.xml</string>
			<key>path</key>
			<string>HubKit-iOS-Sample-Info.plist</string>
			<key>sourceTree</key>
			<string>&lt;group&gt;</string>
		</dict>
		<key>A42E5E1416A278A200BB5907</key>
		<dict>
			<key>children</key>
			<array>
				<string>A42E5E1516A278A200BB5907</string>
			</array>
			<key>isa</key>
			<string>PBXVariantGroup</string>
			<key>name</key>
			<string>InfoPlist.strings</string>
			<key>sourceTree</key>
			<string>&lt;group&gt;</string>
		</dict>
		<key>A42E5E1516A278A200BB5907</key>
		<dict>
			<key>isa</key>
			<string>PBXFileReference</string>
			<key>lastKnownFileType</key>
			<string>text.plist.strings</string>
			<key>name</key>
			<string>en</string>
			<key>path</key>
			<string>en.lproj/InfoPlist.strings</string>
			<key>sourceTree</key>
			<string>&lt;group&gt;</string>
		</dict>
		<key>A42E5E1616A278A200BB5907</key>
		<dict>
			<key>fileRef</key>
			<string>A42E5E1416A278A200BB5907</string>
			<key>isa</key>
			<string>PBXBuildFile</string>
		</dict>
		<key>A42E5E1716A278A200BB5907</key>
		<dict>
			<key>isa</key>
			<string>PBXFileReference</string>
			<key>lastKnownFileType</key>
			<string>sourcecode.c.objc</string>
			<key>path</key>
			<string>main.m</string>
			<key>sourceTree</key>
			<string>&lt;group&gt;</string>
		</dict>
		<key>A42E5E1816A278A200BB5907</key>
		<dict>
			<key>fileRef</key>
			<string>A42E5E1716A278A200BB5907</string>
			<key>isa</key>
			<string>PBXBuildFile</string>
		</dict>
		<key>A42E5E1916A278A200BB5907</key>
		<dict>
			<key>isa</key>
			<string>PBXFileReference</string>
			<key>lastKnownFileType</key>
			<string>sourcecode.c.h</string>
			<key>path</key>
			<string>HubKit-iOS-Sample-Prefix.pch</string>
			<key>sourceTree</key>
			<string>&lt;group&gt;</string>
		</dict>
		<key>A42E5E1A16A278A200BB5907</key>
		<dict>
			<key>isa</key>
			<string>PBXFileReference</string>
			<key>lastKnownFileType</key>
			<string>sourcecode.c.h</string>
			<key>path</key>
			<string>HKAppDelegate.h</string>
			<key>sourceTree</key>
			<string>&lt;group&gt;</string>
		</dict>
		<key>A42E5E1B16A278A200BB5907</key>
		<dict>
			<key>isa</key>
			<string>PBXFileReference</string>
			<key>lastKnownFileType</key>
			<string>sourcecode.c.objc</string>
			<key>path</key>
			<string>HKAppDelegate.m</string>
			<key>sourceTree</key>
			<string>&lt;group&gt;</string>
		</dict>
		<key>A42E5E1C16A278A200BB5907</key>
		<dict>
			<key>fileRef</key>
			<string>A42E5E1B16A278A200BB5907</string>
			<key>isa</key>
			<string>PBXBuildFile</string>
		</dict>
		<key>A42E5E1D16A278A200BB5907</key>
		<dict>
			<key>isa</key>
			<string>PBXFileReference</string>
			<key>lastKnownFileType</key>
			<string>image.png</string>
			<key>path</key>
			<string>Default.png</string>
			<key>sourceTree</key>
			<string>&lt;group&gt;</string>
		</dict>
		<key>A42E5E1E16A278A200BB5907</key>
		<dict>
			<key>fileRef</key>
			<string>A42E5E1D16A278A200BB5907</string>
			<key>isa</key>
			<string>PBXBuildFile</string>
		</dict>
		<key>A42E5E1F16A278A200BB5907</key>
		<dict>
			<key>isa</key>
			<string>PBXFileReference</string>
			<key>lastKnownFileType</key>
			<string>image.png</string>
			<key>path</key>
			<string>Default@2x.png</string>
			<key>sourceTree</key>
			<string>&lt;group&gt;</string>
		</dict>
		<key>A42E5E2016A278A200BB5907</key>
		<dict>
			<key>fileRef</key>
			<string>A42E5E1F16A278A200BB5907</string>
			<key>isa</key>
			<string>PBXBuildFile</string>
		</dict>
		<key>A42E5E2116A278A200BB5907</key>
		<dict>
			<key>isa</key>
			<string>PBXFileReference</string>
			<key>lastKnownFileType</key>
			<string>image.png</string>
			<key>path</key>
			<string>Default-568h@2x.png</string>
			<key>sourceTree</key>
			<string>&lt;group&gt;</string>
		</dict>
		<key>A42E5E2216A278A200BB5907</key>
		<dict>
			<key>fileRef</key>
			<string>A42E5E2116A278A200BB5907</string>
			<key>isa</key>
			<string>PBXBuildFile</string>
		</dict>
		<key>A42E5E2316A278A200BB5907</key>
		<dict>
			<key>buildSettings</key>
			<dict>
				<key>ALWAYS_SEARCH_USER_PATHS</key>
				<string>NO</string>
				<key>CLANG_CXX_LANGUAGE_STANDARD</key>
				<string>gnu++0x</string>
				<key>CLANG_CXX_LIBRARY</key>
				<string>libc++</string>
				<key>CLANG_ENABLE_OBJC_ARC</key>
				<string>YES</string>
				<key>CLANG_WARN_EMPTY_BODY</key>
				<string>YES</string>
				<key>CLANG_WARN__DUPLICATE_METHOD_MATCH</key>
				<string>YES</string>
				<key>CODE_SIGN_IDENTITY[sdk=iphoneos*]</key>
				<string>iPhone Developer</string>
				<key>COPY_PHASE_STRIP</key>
				<string>NO</string>
				<key>GCC_C_LANGUAGE_STANDARD</key>
				<string>gnu99</string>
				<key>GCC_DYNAMIC_NO_PIC</key>
				<string>NO</string>
				<key>GCC_OPTIMIZATION_LEVEL</key>
				<string>0</string>
				<key>GCC_PREPROCESSOR_DEFINITIONS</key>
				<array>
					<string>DEBUG=1</string>
					<string>$(inherited)</string>
				</array>
				<key>GCC_SYMBOLS_PRIVATE_EXTERN</key>
				<string>NO</string>
				<key>GCC_WARN_64_TO_32_BIT_CONVERSION</key>
				<string>YES</string>
				<key>GCC_WARN_ABOUT_MISSING_FIELD_INITIALIZERS</key>
				<string>YES</string>
				<key>GCC_WARN_ABOUT_MISSING_NEWLINE</key>
				<string>YES</string>
				<key>GCC_WARN_ABOUT_RETURN_TYPE</key>
				<string>YES</string>
				<key>GCC_WARN_CHECK_SWITCH_STATEMENTS</key>
				<string>YES</string>
				<key>GCC_WARN_INITIALIZER_NOT_FULLY_BRACKETED</key>
				<string>YES</string>
				<key>GCC_WARN_MISSING_PARENTHESES</key>
				<string>YES</string>
				<key>GCC_WARN_SHADOW</key>
				<string>YES</string>
				<key>GCC_WARN_SIGN_COMPARE</key>
				<string>YES</string>
				<key>GCC_WARN_TYPECHECK_CALLS_TO_PRINTF</key>
				<string>YES</string>
				<key>GCC_WARN_UNDECLARED_SELECTOR</key>
				<string>YES</string>
				<key>GCC_WARN_UNINITIALIZED_AUTOS</key>
				<string>YES</string>
				<key>GCC_WARN_UNUSED_FUNCTION</key>
				<string>YES</string>
				<key>GCC_WARN_UNUSED_LABEL</key>
				<string>YES</string>
				<key>GCC_WARN_UNUSED_VALUE</key>
				<string>YES</string>
				<key>GCC_WARN_UNUSED_VARIABLE</key>
				<string>YES</string>
				<key>IPHONEOS_DEPLOYMENT_TARGET</key>
				<string>6.0</string>
				<key>RUN_CLANG_STATIC_ANALYZER</key>
				<string>YES</string>
				<key>SDKROOT</key>
				<string>iphoneos</string>
				<key>TARGETED_DEVICE_FAMILY</key>
				<string>1,2</string>
			</dict>
			<key>isa</key>
			<string>XCBuildConfiguration</string>
			<key>name</key>
			<string>Debug</string>
		</dict>
		<key>A42E5E2416A278A200BB5907</key>
		<dict>
			<key>buildSettings</key>
			<dict>
				<key>ALWAYS_SEARCH_USER_PATHS</key>
				<string>NO</string>
				<key>CLANG_CXX_LANGUAGE_STANDARD</key>
				<string>gnu++0x</string>
				<key>CLANG_CXX_LIBRARY</key>
				<string>libc++</string>
				<key>CLANG_ENABLE_OBJC_ARC</key>
				<string>YES</string>
				<key>CLANG_WARN_EMPTY_BODY</key>
				<string>YES</string>
				<key>CLANG_WARN__DUPLICATE_METHOD_MATCH</key>
				<string>YES</string>
				<key>CODE_SIGN_IDENTITY[sdk=iphoneos*]</key>
				<string>iPhone Developer</string>
				<key>COPY_PHASE_STRIP</key>
				<string>YES</string>
				<key>GCC_C_LANGUAGE_STANDARD</key>
				<string>gnu99</string>
				<key>GCC_WARN_64_TO_32_BIT_CONVERSION</key>
				<string>YES</string>
				<key>GCC_WARN_ABOUT_MISSING_FIELD_INITIALIZERS</key>
				<string>YES</string>
				<key>GCC_WARN_ABOUT_MISSING_NEWLINE</key>
				<string>YES</string>
				<key>GCC_WARN_ABOUT_RETURN_TYPE</key>
				<string>YES</string>
				<key>GCC_WARN_CHECK_SWITCH_STATEMENTS</key>
				<string>YES</string>
				<key>GCC_WARN_INITIALIZER_NOT_FULLY_BRACKETED</key>
				<string>YES</string>
				<key>GCC_WARN_MISSING_PARENTHESES</key>
				<string>YES</string>
				<key>GCC_WARN_SHADOW</key>
				<string>YES</string>
				<key>GCC_WARN_SIGN_COMPARE</key>
				<string>YES</string>
				<key>GCC_WARN_TYPECHECK_CALLS_TO_PRINTF</key>
				<string>YES</string>
				<key>GCC_WARN_UNDECLARED_SELECTOR</key>
				<string>YES</string>
				<key>GCC_WARN_UNINITIALIZED_AUTOS</key>
				<string>YES</string>
				<key>GCC_WARN_UNUSED_FUNCTION</key>
				<string>YES</string>
				<key>GCC_WARN_UNUSED_LABEL</key>
				<string>YES</string>
				<key>GCC_WARN_UNUSED_VALUE</key>
				<string>YES</string>
				<key>GCC_WARN_UNUSED_VARIABLE</key>
				<string>YES</string>
				<key>IPHONEOS_DEPLOYMENT_TARGET</key>
				<string>6.0</string>
				<key>OTHER_CFLAGS</key>
				<string>-DNS_BLOCK_ASSERTIONS=1</string>
				<key>RUN_CLANG_STATIC_ANALYZER</key>
				<string>YES</string>
				<key>SDKROOT</key>
				<string>iphoneos</string>
				<key>TARGETED_DEVICE_FAMILY</key>
				<string>1,2</string>
				<key>VALIDATE_PRODUCT</key>
				<string>YES</string>
			</dict>
			<key>isa</key>
			<string>XCBuildConfiguration</string>
			<key>name</key>
			<string>Release</string>
		</dict>
		<key>A42E5E2516A278A200BB5907</key>
		<dict>
			<key>buildConfigurations</key>
			<array>
				<string>A42E5E2616A278A200BB5907</string>
				<string>A42E5E2716A278A200BB5907</string>
			</array>
			<key>defaultConfigurationIsVisible</key>
			<string>0</string>
			<key>defaultConfigurationName</key>
			<string>Release</string>
			<key>isa</key>
			<string>XCConfigurationList</string>
		</dict>
		<key>A42E5E2616A278A200BB5907</key>
		<dict>
			<key>buildSettings</key>
			<dict>
				<key>GCC_PRECOMPILE_PREFIX_HEADER</key>
				<string>YES</string>
				<key>GCC_PREFIX_HEADER</key>
				<string>HubKit-iOS-Sample/HubKit-iOS-Sample-Prefix.pch</string>
				<key>INFOPLIST_FILE</key>
				<string>HubKit-iOS-Sample/HubKit-iOS-Sample-Info.plist</string>
				<key>PRODUCT_NAME</key>
				<string>$(TARGET_NAME)</string>
				<key>WRAPPER_EXTENSION</key>
				<string>app</string>
			</dict>
			<key>isa</key>
			<string>XCBuildConfiguration</string>
			<key>name</key>
			<string>Debug</string>
		</dict>
		<key>A42E5E2716A278A200BB5907</key>
		<dict>
			<key>buildSettings</key>
			<dict>
				<key>GCC_PRECOMPILE_PREFIX_HEADER</key>
				<string>YES</string>
				<key>GCC_PREFIX_HEADER</key>
				<string>HubKit-iOS-Sample/HubKit-iOS-Sample-Prefix.pch</string>
				<key>GCC_TREAT_WARNINGS_AS_ERRORS</key>
				<string>YES</string>
				<key>INFOPLIST_FILE</key>
				<string>HubKit-iOS-Sample/HubKit-iOS-Sample-Info.plist</string>
				<key>PRODUCT_NAME</key>
				<string>$(TARGET_NAME)</string>
				<key>WRAPPER_EXTENSION</key>
				<string>app</string>
			</dict>
			<key>isa</key>
			<string>XCBuildConfiguration</string>
			<key>name</key>
			<string>Release</string>
		</dict>
		<key>A42E5E3016A27AFE00BB5907</key>
		<dict>
			<key>children</key>
			<array>
				<string>A4B3C0FC16A7B38A00643BF3</string>
				<string>A4B3C0FD16A7B38A00643BF3</string>
				<string>A42E5E3816A27B0A00BB5907</string>
				<string>A42E5E3916A27B0A00BB5907</string>
				<string>A43E977E16A67E5500E05562</string>
				<string>A43E977F16A67E5500E05562</string>
				<string>A42E5E3416A27B0A00BB5907</string>
				<string>A42E5E3516A27B0A00BB5907</string>
				<string>A43E972F16A660BE00E05562</string>
				<string>A43E973016A660BE00E05562</string>
				<string>A42E5E6F16A27BEE00BB5907</string>
				<string>A42E5E7016A27BEE00BB5907</string>
				<string>A43E978216A6820800E05562</string>
				<string>A43E978316A6820800E05562</string>
				<string>A42E5E4A16A27B2900BB5907</string>
				<string>A42E5E4B16A27B2900BB5907</string>
			</array>
			<key>isa</key>
			<string>PBXGroup</string>
			<key>name</key>
			<string>HubKit</string>
			<key>sourceTree</key>
			<string>&lt;group&gt;</string>
		</dict>
		<key>A42E5E3416A27B0A00BB5907</key>
		<dict>
			<key>fileEncoding</key>
			<string>4</string>
			<key>isa</key>
			<string>PBXFileReference</string>
			<key>lastKnownFileType</key>
			<string>sourcecode.c.h</string>
			<key>name</key>
			<string>HKDefines.h</string>
			<key>path</key>
			<string>../HubKit/HKDefines.h</string>
			<key>sourceTree</key>
			<string>&lt;group&gt;</string>
		</dict>
		<key>A42E5E3516A27B0A00BB5907</key>
		<dict>
			<key>fileEncoding</key>
			<string>4</string>
			<key>isa</key>
			<string>PBXFileReference</string>
			<key>lastKnownFileType</key>
			<string>sourcecode.c.objc</string>
			<key>name</key>
			<string>HKDefines.m</string>
			<key>path</key>
			<string>../HubKit/HKDefines.m</string>
			<key>sourceTree</key>
			<string>&lt;group&gt;</string>
		</dict>
		<key>A42E5E3816A27B0A00BB5907</key>
		<dict>
			<key>fileEncoding</key>
			<string>4</string>
			<key>isa</key>
			<string>PBXFileReference</string>
			<key>lastKnownFileType</key>
			<string>sourcecode.c.h</string>
			<key>name</key>
			<string>HKHTTPClient.h</string>
			<key>path</key>
			<string>../HubKit/HKHTTPClient.h</string>
			<key>sourceTree</key>
			<string>&lt;group&gt;</string>
		</dict>
		<key>A42E5E3916A27B0A00BB5907</key>
		<dict>
			<key>fileEncoding</key>
			<string>4</string>
			<key>isa</key>
			<string>PBXFileReference</string>
			<key>lastKnownFileType</key>
			<string>sourcecode.c.objc</string>
			<key>lineEnding</key>
			<string>0</string>
			<key>name</key>
			<string>HKHTTPClient.m</string>
			<key>path</key>
			<string>../HubKit/HKHTTPClient.m</string>
			<key>sourceTree</key>
			<string>&lt;group&gt;</string>
			<key>xcLanguageSpecificationIdentifier</key>
			<string>xcode.lang.objc</string>
		</dict>
		<key>A42E5E4316A27B0A00BB5907</key>
		<dict>
			<key>fileRef</key>
			<string>A42E5E3516A27B0A00BB5907</string>
			<key>isa</key>
			<string>PBXBuildFile</string>
		</dict>
		<key>A42E5E4516A27B0A00BB5907</key>
		<dict>
			<key>fileRef</key>
			<string>A42E5E3916A27B0A00BB5907</string>
			<key>isa</key>
			<string>PBXBuildFile</string>
		</dict>
		<key>A42E5E4A16A27B2900BB5907</key>
		<dict>
			<key>fileEncoding</key>
			<string>4</string>
			<key>isa</key>
			<string>PBXFileReference</string>
			<key>lastKnownFileType</key>
			<string>sourcecode.c.h</string>
			<key>lineEnding</key>
			<string>0</string>
			<key>name</key>
			<string>HKGitHubAPIKeys.h</string>
			<key>path</key>
			<string>../HubKit/HKGitHubAPIKeys.h</string>
			<key>sourceTree</key>
			<string>&lt;group&gt;</string>
			<key>xcLanguageSpecificationIdentifier</key>
			<string>xcode.lang.objcpp</string>
		</dict>
		<key>A42E5E4B16A27B2900BB5907</key>
		<dict>
			<key>fileEncoding</key>
			<string>4</string>
			<key>isa</key>
			<string>PBXFileReference</string>
			<key>lastKnownFileType</key>
			<string>sourcecode.c.objc</string>
			<key>lineEnding</key>
			<string>0</string>
			<key>name</key>
			<string>HKGitHubAPIKeys.m</string>
			<key>path</key>
			<string>../HubKit/HKGitHubAPIKeys.m</string>
			<key>sourceTree</key>
			<string>&lt;group&gt;</string>
			<key>xcLanguageSpecificationIdentifier</key>
			<string>xcode.lang.objc</string>
		</dict>
		<key>A42E5E4C16A27B2900BB5907</key>
		<dict>
			<key>fileRef</key>
			<string>A42E5E4B16A27B2900BB5907</string>
			<key>isa</key>
			<string>PBXBuildFile</string>
		</dict>
		<key>A42E5E4D16A27B7B00BB5907</key>
		<dict>
			<key>children</key>
			<array>
				<string>A43711EC16A52C7A0084D675</string>
				<string>A43711ED16A52C800084D675</string>
				<string>A42E5E4F16A27B9200BB5907</string>
				<string>A42E5E4E16A27B8A00BB5907</string>
			</array>
			<key>isa</key>
			<string>PBXGroup</string>
			<key>name</key>
			<string>Vendor</string>
			<key>sourceTree</key>
			<string>&lt;group&gt;</string>
		</dict>
		<key>A42E5E4E16A27B8A00BB5907</key>
		<dict>
			<key>children</key>
			<array>
				<string>A42E5E5316A27BAF00BB5907</string>
				<string>A42E5E5416A27BAF00BB5907</string>
				<string>A42E5E5516A27BAF00BB5907</string>
				<string>A42E5E5616A27BAF00BB5907</string>
				<string>A42E5E5716A27BAF00BB5907</string>
				<string>A42E5E5816A27BAF00BB5907</string>
				<string>A42E5E5916A27BAF00BB5907</string>
				<string>A42E5E5A16A27BAF00BB5907</string>
				<string>A42E5E5B16A27BAF00BB5907</string>
				<string>A42E5E5C16A27BAF00BB5907</string>
				<string>A42E5E5D16A27BAF00BB5907</string>
				<string>A42E5E5E16A27BAF00BB5907</string>
				<string>A42E5E5F16A27BAF00BB5907</string>
				<string>A42E5E6016A27BAF00BB5907</string>
				<string>A42E5E6116A27BAF00BB5907</string>
				<string>A42E5E6216A27BAF00BB5907</string>
				<string>A42E5E6316A27BAF00BB5907</string>
				<string>A42E5E6416A27BAF00BB5907</string>
				<string>A42E5E6516A27BAF00BB5907</string>
			</array>
			<key>isa</key>
			<string>PBXGroup</string>
			<key>name</key>
			<string>AFNetworking</string>
			<key>sourceTree</key>
			<string>&lt;group&gt;</string>
		</dict>
		<key>A42E5E4F16A27B9200BB5907</key>
		<dict>
			<key>children</key>
			<array>
				<string>A42E5E5016A27BA300BB5907</string>
				<string>A42E5E5116A27BA300BB5907</string>
			</array>
			<key>isa</key>
			<string>PBXGroup</string>
			<key>name</key>
			<string>SSKeychain</string>
			<key>sourceTree</key>
			<string>&lt;group&gt;</string>
		</dict>
		<key>A42E5E5016A27BA300BB5907</key>
		<dict>
			<key>fileEncoding</key>
			<string>4</string>
			<key>isa</key>
			<string>PBXFileReference</string>
			<key>lastKnownFileType</key>
			<string>sourcecode.c.h</string>
			<key>name</key>
			<string>SSKeychain.h</string>
			<key>path</key>
			<string>../Vendor/SSKeychain/SSKeychain.h</string>
			<key>sourceTree</key>
			<string>&lt;group&gt;</string>
		</dict>
		<key>A42E5E5116A27BA300BB5907</key>
		<dict>
			<key>fileEncoding</key>
			<string>4</string>
			<key>isa</key>
			<string>PBXFileReference</string>
			<key>lastKnownFileType</key>
			<string>sourcecode.c.objc</string>
			<key>name</key>
			<string>SSKeychain.m</string>
			<key>path</key>
			<string>../Vendor/SSKeychain/SSKeychain.m</string>
			<key>sourceTree</key>
			<string>&lt;group&gt;</string>
		</dict>
		<key>A42E5E5216A27BA300BB5907</key>
		<dict>
			<key>fileRef</key>
			<string>A42E5E5116A27BA300BB5907</string>
			<key>isa</key>
			<string>PBXBuildFile</string>
		</dict>
		<key>A42E5E5316A27BAF00BB5907</key>
		<dict>
			<key>fileEncoding</key>
			<string>4</string>
			<key>isa</key>
			<string>PBXFileReference</string>
			<key>lastKnownFileType</key>
			<string>sourcecode.c.h</string>
			<key>name</key>
			<string>AFHTTPClient.h</string>
			<key>path</key>
			<string>../Vendor/AFNetworking/AFNetworking/AFHTTPClient.h</string>
			<key>sourceTree</key>
			<string>&lt;group&gt;</string>
		</dict>
		<key>A42E5E5416A27BAF00BB5907</key>
		<dict>
			<key>fileEncoding</key>
			<string>4</string>
			<key>isa</key>
			<string>PBXFileReference</string>
			<key>lastKnownFileType</key>
			<string>sourcecode.c.objc</string>
			<key>name</key>
			<string>AFHTTPClient.m</string>
			<key>path</key>
			<string>../Vendor/AFNetworking/AFNetworking/AFHTTPClient.m</string>
			<key>sourceTree</key>
			<string>&lt;group&gt;</string>
		</dict>
		<key>A42E5E5516A27BAF00BB5907</key>
		<dict>
			<key>fileEncoding</key>
			<string>4</string>
			<key>isa</key>
			<string>PBXFileReference</string>
			<key>lastKnownFileType</key>
			<string>sourcecode.c.h</string>
			<key>name</key>
			<string>AFHTTPRequestOperation.h</string>
			<key>path</key>
			<string>../Vendor/AFNetworking/AFNetworking/AFHTTPRequestOperation.h</string>
			<key>sourceTree</key>
			<string>&lt;group&gt;</string>
		</dict>
		<key>A42E5E5616A27BAF00BB5907</key>
		<dict>
			<key>fileEncoding</key>
			<string>4</string>
			<key>isa</key>
			<string>PBXFileReference</string>
			<key>lastKnownFileType</key>
			<string>sourcecode.c.objc</string>
			<key>name</key>
			<string>AFHTTPRequestOperation.m</string>
			<key>path</key>
			<string>../Vendor/AFNetworking/AFNetworking/AFHTTPRequestOperation.m</string>
			<key>sourceTree</key>
			<string>&lt;group&gt;</string>
		</dict>
		<key>A42E5E5716A27BAF00BB5907</key>
		<dict>
			<key>fileEncoding</key>
			<string>4</string>
			<key>isa</key>
			<string>PBXFileReference</string>
			<key>lastKnownFileType</key>
			<string>sourcecode.c.h</string>
			<key>name</key>
			<string>AFImageRequestOperation.h</string>
			<key>path</key>
			<string>../Vendor/AFNetworking/AFNetworking/AFImageRequestOperation.h</string>
			<key>sourceTree</key>
			<string>&lt;group&gt;</string>
		</dict>
		<key>A42E5E5816A27BAF00BB5907</key>
		<dict>
			<key>fileEncoding</key>
			<string>4</string>
			<key>isa</key>
			<string>PBXFileReference</string>
			<key>lastKnownFileType</key>
			<string>sourcecode.c.objc</string>
			<key>name</key>
			<string>AFImageRequestOperation.m</string>
			<key>path</key>
			<string>../Vendor/AFNetworking/AFNetworking/AFImageRequestOperation.m</string>
			<key>sourceTree</key>
			<string>&lt;group&gt;</string>
		</dict>
		<key>A42E5E5916A27BAF00BB5907</key>
		<dict>
			<key>fileEncoding</key>
			<string>4</string>
			<key>isa</key>
			<string>PBXFileReference</string>
			<key>lastKnownFileType</key>
			<string>sourcecode.c.h</string>
			<key>name</key>
			<string>AFJSONRequestOperation.h</string>
			<key>path</key>
			<string>../Vendor/AFNetworking/AFNetworking/AFJSONRequestOperation.h</string>
			<key>sourceTree</key>
			<string>&lt;group&gt;</string>
		</dict>
		<key>A42E5E5A16A27BAF00BB5907</key>
		<dict>
			<key>fileEncoding</key>
			<string>4</string>
			<key>isa</key>
			<string>PBXFileReference</string>
			<key>lastKnownFileType</key>
			<string>sourcecode.c.objc</string>
			<key>name</key>
			<string>AFJSONRequestOperation.m</string>
			<key>path</key>
			<string>../Vendor/AFNetworking/AFNetworking/AFJSONRequestOperation.m</string>
			<key>sourceTree</key>
			<string>&lt;group&gt;</string>
		</dict>
		<key>A42E5E5B16A27BAF00BB5907</key>
		<dict>
			<key>fileEncoding</key>
			<string>4</string>
			<key>isa</key>
			<string>PBXFileReference</string>
			<key>lastKnownFileType</key>
			<string>sourcecode.c.h</string>
			<key>name</key>
			<string>AFNetworkActivityIndicatorManager.h</string>
			<key>path</key>
			<string>../Vendor/AFNetworking/AFNetworking/AFNetworkActivityIndicatorManager.h</string>
			<key>sourceTree</key>
			<string>&lt;group&gt;</string>
		</dict>
		<key>A42E5E5C16A27BAF00BB5907</key>
		<dict>
			<key>fileEncoding</key>
			<string>4</string>
			<key>isa</key>
			<string>PBXFileReference</string>
			<key>lastKnownFileType</key>
			<string>sourcecode.c.objc</string>
			<key>name</key>
			<string>AFNetworkActivityIndicatorManager.m</string>
			<key>path</key>
			<string>../Vendor/AFNetworking/AFNetworking/AFNetworkActivityIndicatorManager.m</string>
			<key>sourceTree</key>
			<string>&lt;group&gt;</string>
		</dict>
		<key>A42E5E5D16A27BAF00BB5907</key>
		<dict>
			<key>fileEncoding</key>
			<string>4</string>
			<key>isa</key>
			<string>PBXFileReference</string>
			<key>lastKnownFileType</key>
			<string>sourcecode.c.h</string>
			<key>name</key>
			<string>AFNetworking.h</string>
			<key>path</key>
			<string>../Vendor/AFNetworking/AFNetworking/AFNetworking.h</string>
			<key>sourceTree</key>
			<string>&lt;group&gt;</string>
		</dict>
		<key>A42E5E5E16A27BAF00BB5907</key>
		<dict>
			<key>fileEncoding</key>
			<string>4</string>
			<key>isa</key>
			<string>PBXFileReference</string>
			<key>lastKnownFileType</key>
			<string>sourcecode.c.h</string>
			<key>name</key>
			<string>AFPropertyListRequestOperation.h</string>
			<key>path</key>
			<string>../Vendor/AFNetworking/AFNetworking/AFPropertyListRequestOperation.h</string>
			<key>sourceTree</key>
			<string>&lt;group&gt;</string>
		</dict>
		<key>A42E5E5F16A27BAF00BB5907</key>
		<dict>
			<key>fileEncoding</key>
			<string>4</string>
			<key>isa</key>
			<string>PBXFileReference</string>
			<key>lastKnownFileType</key>
			<string>sourcecode.c.objc</string>
			<key>name</key>
			<string>AFPropertyListRequestOperation.m</string>
			<key>path</key>
			<string>../Vendor/AFNetworking/AFNetworking/AFPropertyListRequestOperation.m</string>
			<key>sourceTree</key>
			<string>&lt;group&gt;</string>
		</dict>
		<key>A42E5E6016A27BAF00BB5907</key>
		<dict>
			<key>fileEncoding</key>
			<string>4</string>
			<key>isa</key>
			<string>PBXFileReference</string>
			<key>lastKnownFileType</key>
			<string>sourcecode.c.h</string>
			<key>name</key>
			<string>AFURLConnectionOperation.h</string>
			<key>path</key>
			<string>../Vendor/AFNetworking/AFNetworking/AFURLConnectionOperation.h</string>
			<key>sourceTree</key>
			<string>&lt;group&gt;</string>
		</dict>
		<key>A42E5E6116A27BAF00BB5907</key>
		<dict>
			<key>fileEncoding</key>
			<string>4</string>
			<key>isa</key>
			<string>PBXFileReference</string>
			<key>lastKnownFileType</key>
			<string>sourcecode.c.objc</string>
			<key>name</key>
			<string>AFURLConnectionOperation.m</string>
			<key>path</key>
			<string>../Vendor/AFNetworking/AFNetworking/AFURLConnectionOperation.m</string>
			<key>sourceTree</key>
			<string>&lt;group&gt;</string>
		</dict>
		<key>A42E5E6216A27BAF00BB5907</key>
		<dict>
			<key>fileEncoding</key>
			<string>4</string>
			<key>isa</key>
			<string>PBXFileReference</string>
			<key>lastKnownFileType</key>
			<string>sourcecode.c.h</string>
			<key>name</key>
			<string>AFXMLRequestOperation.h</string>
			<key>path</key>
			<string>../Vendor/AFNetworking/AFNetworking/AFXMLRequestOperation.h</string>
			<key>sourceTree</key>
			<string>&lt;group&gt;</string>
		</dict>
		<key>A42E5E6316A27BAF00BB5907</key>
		<dict>
			<key>fileEncoding</key>
			<string>4</string>
			<key>isa</key>
			<string>PBXFileReference</string>
			<key>lastKnownFileType</key>
			<string>sourcecode.c.objc</string>
			<key>name</key>
			<string>AFXMLRequestOperation.m</string>
			<key>path</key>
			<string>../Vendor/AFNetworking/AFNetworking/AFXMLRequestOperation.m</string>
			<key>sourceTree</key>
			<string>&lt;group&gt;</string>
		</dict>
		<key>A42E5E6416A27BAF00BB5907</key>
		<dict>
			<key>fileEncoding</key>
			<string>4</string>
			<key>isa</key>
			<string>PBXFileReference</string>
			<key>lastKnownFileType</key>
			<string>sourcecode.c.h</string>
			<key>name</key>
			<string>UIImageView+AFNetworking.h</string>
			<key>path</key>
			<string>../Vendor/AFNetworking/AFNetworking/UIImageView+AFNetworking.h</string>
			<key>sourceTree</key>
			<string>&lt;group&gt;</string>
		</dict>
		<key>A42E5E6516A27BAF00BB5907</key>
		<dict>
			<key>fileEncoding</key>
			<string>4</string>
			<key>isa</key>
			<string>PBXFileReference</string>
			<key>lastKnownFileType</key>
			<string>sourcecode.c.objc</string>
			<key>name</key>
			<string>UIImageView+AFNetworking.m</string>
			<key>path</key>
			<string>../Vendor/AFNetworking/AFNetworking/UIImageView+AFNetworking.m</string>
			<key>sourceTree</key>
			<string>&lt;group&gt;</string>
		</dict>
		<key>A42E5E6616A27BAF00BB5907</key>
		<dict>
			<key>fileRef</key>
			<string>A42E5E5416A27BAF00BB5907</string>
			<key>isa</key>
			<string>PBXBuildFile</string>
		</dict>
		<key>A42E5E6716A27BAF00BB5907</key>
		<dict>
			<key>fileRef</key>
			<string>A42E5E5616A27BAF00BB5907</string>
			<key>isa</key>
			<string>PBXBuildFile</string>
		</dict>
		<key>A42E5E6816A27BAF00BB5907</key>
		<dict>
			<key>fileRef</key>
			<string>A42E5E5816A27BAF00BB5907</string>
			<key>isa</key>
			<string>PBXBuildFile</string>
		</dict>
		<key>A42E5E6916A27BAF00BB5907</key>
		<dict>
			<key>fileRef</key>
			<string>A42E5E5A16A27BAF00BB5907</string>
			<key>isa</key>
			<string>PBXBuildFile</string>
		</dict>
		<key>A42E5E6A16A27BAF00BB5907</key>
		<dict>
			<key>fileRef</key>
			<string>A42E5E5C16A27BAF00BB5907</string>
			<key>isa</key>
			<string>PBXBuildFile</string>
		</dict>
		<key>A42E5E6B16A27BAF00BB5907</key>
		<dict>
			<key>fileRef</key>
			<string>A42E5E5F16A27BAF00BB5907</string>
			<key>isa</key>
			<string>PBXBuildFile</string>
		</dict>
		<key>A42E5E6C16A27BAF00BB5907</key>
		<dict>
			<key>fileRef</key>
			<string>A42E5E6116A27BAF00BB5907</string>
			<key>isa</key>
			<string>PBXBuildFile</string>
		</dict>
		<key>A42E5E6D16A27BAF00BB5907</key>
		<dict>
			<key>fileRef</key>
			<string>A42E5E6316A27BAF00BB5907</string>
			<key>isa</key>
			<string>PBXBuildFile</string>
		</dict>
		<key>A42E5E6E16A27BAF00BB5907</key>
		<dict>
			<key>fileRef</key>
			<string>A42E5E6516A27BAF00BB5907</string>
			<key>isa</key>
			<string>PBXBuildFile</string>
		</dict>
		<key>A42E5E6F16A27BEE00BB5907</key>
		<dict>
			<key>fileEncoding</key>
			<string>4</string>
			<key>isa</key>
			<string>PBXFileReference</string>
			<key>lastKnownFileType</key>
			<string>sourcecode.c.h</string>
			<key>name</key>
			<string>NSDictionary+HKExtensions.h</string>
			<key>path</key>
			<string>../HubKit/NSDictionary+HKExtensions.h</string>
			<key>sourceTree</key>
			<string>&lt;group&gt;</string>
		</dict>
		<key>A42E5E7016A27BEE00BB5907</key>
		<dict>
			<key>fileEncoding</key>
			<string>4</string>
			<key>isa</key>
			<string>PBXFileReference</string>
			<key>lastKnownFileType</key>
			<string>sourcecode.c.objc</string>
			<key>name</key>
			<string>NSDictionary+HKExtensions.m</string>
			<key>path</key>
			<string>../HubKit/NSDictionary+HKExtensions.m</string>
			<key>sourceTree</key>
			<string>&lt;group&gt;</string>
		</dict>
		<key>A42E5E7116A27BEE00BB5907</key>
		<dict>
			<key>fileRef</key>
			<string>A42E5E7016A27BEE00BB5907</string>
			<key>isa</key>
			<string>PBXBuildFile</string>
		</dict>
		<key>A42E5E7216A27D1A00BB5907</key>
		<dict>
			<key>isa</key>
			<string>PBXFileReference</string>
			<key>lastKnownFileType</key>
			<string>wrapper.framework</string>
			<key>name</key>
			<string>SystemConfiguration.framework</string>
			<key>path</key>
			<string>System/Library/Frameworks/SystemConfiguration.framework</string>
			<key>sourceTree</key>
			<string>SDKROOT</string>
		</dict>
		<key>A42E5E7316A27D1A00BB5907</key>
		<dict>
			<key>fileRef</key>
			<string>A42E5E7216A27D1A00BB5907</string>
			<key>isa</key>
			<string>PBXBuildFile</string>
		</dict>
		<key>A42E5E7416A27D1F00BB5907</key>
		<dict>
			<key>isa</key>
			<string>PBXFileReference</string>
			<key>lastKnownFileType</key>
			<string>wrapper.framework</string>
			<key>name</key>
			<string>MobileCoreServices.framework</string>
			<key>path</key>
			<string>System/Library/Frameworks/MobileCoreServices.framework</string>
			<key>sourceTree</key>
			<string>SDKROOT</string>
		</dict>
		<key>A42E5E7516A27D1F00BB5907</key>
		<dict>
			<key>fileRef</key>
			<string>A42E5E7416A27D1F00BB5907</string>
			<key>isa</key>
			<string>PBXBuildFile</string>
		</dict>
		<key>A42E5E7616A27D8A00BB5907</key>
		<dict>
			<key>isa</key>
			<string>PBXFileReference</string>
			<key>lastKnownFileType</key>
			<string>wrapper.framework</string>
			<key>name</key>
			<string>Security.framework</string>
			<key>path</key>
			<string>System/Library/Frameworks/Security.framework</string>
			<key>sourceTree</key>
			<string>SDKROOT</string>
		</dict>
		<key>A42E5E7716A27D8A00BB5907</key>
		<dict>
			<key>fileRef</key>
			<string>A42E5E7616A27D8A00BB5907</string>
			<key>isa</key>
			<string>PBXBuildFile</string>
		</dict>
		<key>A42E5E7816A27D9100BB5907</key>
		<dict>
			<key>isa</key>
			<string>PBXFileReference</string>
			<key>lastKnownFileType</key>
			<string>wrapper.framework</string>
			<key>name</key>
			<string>CoreData.framework</string>
			<key>path</key>
			<string>System/Library/Frameworks/CoreData.framework</string>
			<key>sourceTree</key>
			<string>SDKROOT</string>
		</dict>
		<key>A42E5E7916A27D9100BB5907</key>
		<dict>
			<key>fileRef</key>
			<string>A42E5E7816A27D9100BB5907</string>
			<key>isa</key>
			<string>PBXBuildFile</string>
		</dict>
		<key>A43711EA16A521C00084D675</key>
		<dict>
			<key>isa</key>
			<string>PBXFileReference</string>
			<key>lastKnownFileType</key>
			<string>archive.ar</string>
			<key>name</key>
			<string>libOCMock.a</string>
			<key>path</key>
			<string>../Vendor/OCMock/Source/build/Release-iphoneos/libOCMock.a</string>
			<key>sourceTree</key>
			<string>&lt;group&gt;</string>
		</dict>
		<key>A43711EB16A521C00084D675</key>
		<dict>
			<key>fileRef</key>
			<string>A43711EA16A521C00084D675</string>
			<key>isa</key>
			<string>PBXBuildFile</string>
		</dict>
		<key>A43711EC16A52C7A0084D675</key>
		<dict>
			<key>children</key>
			<array>
				<string>A43711EE16A52C9F0084D675</string>
				<string>A43711EF16A52C9F0084D675</string>
				<string>A43711F016A52C9F0084D675</string>
				<string>A43711F116A52C9F0084D675</string>
				<string>A43711F216A52C9F0084D675</string>
				<string>A43711F316A52C9F0084D675</string>
				<string>A43711F416A52C9F0084D675</string>
				<string>A43711F516A52C9F0084D675</string>
				<string>A43711F616A52C9F0084D675</string>
				<string>A43711F716A52C9F0084D675</string>
				<string>A43711F816A52C9F0084D675</string>
			</array>
			<key>isa</key>
			<string>PBXGroup</string>
			<key>name</key>
			<string>Specta</string>
			<key>sourceTree</key>
			<string>&lt;group&gt;</string>
		</dict>
		<key>A43711ED16A52C800084D675</key>
		<dict>
			<key>children</key>
			<array>
				<string>A43711FA16A52CB90084D675</string>
				<string>A43711FB16A52CB90084D675</string>
				<string>A43711FC16A52CB90084D675</string>
				<string>A43711FD16A52CB90084D675</string>
				<string>A43711FE16A52CB90084D675</string>
				<string>A43711FF16A52CB90084D675</string>
				<string>A437120016A52CB90084D675</string>
				<string>A437120116A52CB90084D675</string>
				<string>A437120216A52CB90084D675</string>
				<string>A437120316A52CB90084D675</string>
				<string>A437120416A52CB90084D675</string>
				<string>A437120516A52CB90084D675</string>
				<string>A437120616A52CB90084D675</string>
				<string>A437120716A52CB90084D675</string>
				<string>A437120816A52CB90084D675</string>
				<string>A437120916A52CB90084D675</string>
				<string>A437120A16A52CB90084D675</string>
				<string>A437120B16A52CB90084D675</string>
				<string>A437120C16A52CB90084D675</string>
				<string>A437120D16A52CB90084D675</string>
				<string>A437120E16A52CB90084D675</string>
				<string>A437120F16A52CB90084D675</string>
				<string>A437121016A52CB90084D675</string>
				<string>A437121116A52CB90084D675</string>
				<string>A437121216A52CB90084D675</string>
				<string>A437121316A52CB90084D675</string>
				<string>A437121416A52CB90084D675</string>
				<string>A437121516A52CB90084D675</string>
				<string>A437121616A52CB90084D675</string>
				<string>A437121716A52CB90084D675</string>
				<string>A437121816A52CB90084D675</string>
				<string>A437121916A52CB90084D675</string>
			</array>
			<key>isa</key>
			<string>PBXGroup</string>
			<key>name</key>
			<string>Expecta</string>
			<key>sourceTree</key>
			<string>&lt;group&gt;</string>
		</dict>
		<key>A43711EE16A52C9F0084D675</key>
		<dict>
			<key>isa</key>
			<string>PBXFileReference</string>
			<key>lastKnownFileType</key>
			<string>archive.ar</string>
			<key>name</key>
			<string>libSpecta-ios-universal.a</string>
			<key>path</key>
			<string>../Vendor/Specta/products/libSpecta-ios-universal.a</string>
			<key>sourceTree</key>
			<string>&lt;group&gt;</string>
		</dict>
		<key>A43711EF16A52C9F0084D675</key>
		<dict>
			<key>fileEncoding</key>
			<string>4</string>
			<key>isa</key>
			<string>PBXFileReference</string>
			<key>lastKnownFileType</key>
			<string>sourcecode.c.h</string>
			<key>name</key>
			<string>Specta.h</string>
			<key>path</key>
			<string>../Vendor/Specta/products/Specta.h</string>
			<key>sourceTree</key>
			<string>&lt;group&gt;</string>
		</dict>
		<key>A43711F016A52C9F0084D675</key>
		<dict>
			<key>fileEncoding</key>
			<string>4</string>
			<key>isa</key>
			<string>PBXFileReference</string>
			<key>lastKnownFileType</key>
			<string>sourcecode.c.h</string>
			<key>name</key>
			<string>SpectaSupport.h</string>
			<key>path</key>
			<string>../Vendor/Specta/products/SpectaSupport.h</string>
			<key>sourceTree</key>
			<string>&lt;group&gt;</string>
		</dict>
		<key>A43711F116A52C9F0084D675</key>
		<dict>
			<key>fileEncoding</key>
			<string>4</string>
			<key>isa</key>
			<string>PBXFileReference</string>
			<key>lastKnownFileType</key>
			<string>sourcecode.c.h</string>
			<key>name</key>
			<string>SpectaTypes.h</string>
			<key>path</key>
			<string>../Vendor/Specta/products/SpectaTypes.h</string>
			<key>sourceTree</key>
			<string>&lt;group&gt;</string>
		</dict>
		<key>A43711F216A52C9F0084D675</key>
		<dict>
			<key>fileEncoding</key>
			<string>4</string>
			<key>isa</key>
			<string>PBXFileReference</string>
			<key>lastKnownFileType</key>
			<string>sourcecode.c.h</string>
			<key>name</key>
			<string>SpectaUtility.h</string>
			<key>path</key>
			<string>../Vendor/Specta/products/SpectaUtility.h</string>
			<key>sourceTree</key>
			<string>&lt;group&gt;</string>
		</dict>
		<key>A43711F316A52C9F0084D675</key>
		<dict>
			<key>fileEncoding</key>
			<string>4</string>
			<key>isa</key>
			<string>PBXFileReference</string>
			<key>lastKnownFileType</key>
			<string>sourcecode.c.h</string>
			<key>name</key>
			<string>SPTExample.h</string>
			<key>path</key>
			<string>../Vendor/Specta/products/SPTExample.h</string>
			<key>sourceTree</key>
			<string>&lt;group&gt;</string>
		</dict>
		<key>A43711F416A52C9F0084D675</key>
		<dict>
			<key>fileEncoding</key>
			<string>4</string>
			<key>isa</key>
			<string>PBXFileReference</string>
			<key>lastKnownFileType</key>
			<string>sourcecode.c.h</string>
			<key>name</key>
			<string>SPTExampleGroup.h</string>
			<key>path</key>
			<string>../Vendor/Specta/products/SPTExampleGroup.h</string>
			<key>sourceTree</key>
			<string>&lt;group&gt;</string>
		</dict>
		<key>A43711F516A52C9F0084D675</key>
		<dict>
			<key>fileEncoding</key>
			<string>4</string>
			<key>isa</key>
			<string>PBXFileReference</string>
			<key>lastKnownFileType</key>
			<string>sourcecode.c.h</string>
			<key>name</key>
			<string>SPTSenTestCase.h</string>
			<key>path</key>
			<string>../Vendor/Specta/products/SPTSenTestCase.h</string>
			<key>sourceTree</key>
			<string>&lt;group&gt;</string>
		</dict>
		<key>A43711F616A52C9F0084D675</key>
		<dict>
			<key>fileEncoding</key>
			<string>4</string>
			<key>isa</key>
			<string>PBXFileReference</string>
			<key>lastKnownFileType</key>
			<string>sourcecode.c.h</string>
			<key>name</key>
			<string>SPTSenTestInvocation.h</string>
			<key>path</key>
			<string>../Vendor/Specta/products/SPTSenTestInvocation.h</string>
			<key>sourceTree</key>
			<string>&lt;group&gt;</string>
		</dict>
		<key>A43711F716A52C9F0084D675</key>
		<dict>
			<key>fileEncoding</key>
			<string>4</string>
			<key>isa</key>
			<string>PBXFileReference</string>
			<key>lastKnownFileType</key>
			<string>sourcecode.c.h</string>
			<key>name</key>
			<string>SPTSharedExampleGroups.h</string>
			<key>path</key>
			<string>../Vendor/Specta/products/SPTSharedExampleGroups.h</string>
			<key>sourceTree</key>
			<string>&lt;group&gt;</string>
		</dict>
		<key>A43711F816A52C9F0084D675</key>
		<dict>
			<key>fileEncoding</key>
			<string>4</string>
			<key>isa</key>
			<string>PBXFileReference</string>
			<key>lastKnownFileType</key>
			<string>sourcecode.c.h</string>
			<key>name</key>
			<string>SPTSpec.h</string>
			<key>path</key>
			<string>../Vendor/Specta/products/SPTSpec.h</string>
			<key>sourceTree</key>
			<string>&lt;group&gt;</string>
		</dict>
		<key>A43711F916A52C9F0084D675</key>
		<dict>
			<key>fileRef</key>
			<string>A43711EE16A52C9F0084D675</string>
			<key>isa</key>
			<string>PBXBuildFile</string>
		</dict>
		<key>A43711FA16A52CB90084D675</key>
		<dict>
			<key>fileEncoding</key>
			<string>4</string>
			<key>isa</key>
			<string>PBXFileReference</string>
			<key>lastKnownFileType</key>
			<string>sourcecode.c.h</string>
			<key>name</key>
			<string>EXPBackwardCompatibility.h</string>
			<key>path</key>
			<string>../Vendor/Expecta/products/EXPBackwardCompatibility.h</string>
			<key>sourceTree</key>
			<string>&lt;group&gt;</string>
		</dict>
		<key>A43711FB16A52CB90084D675</key>
		<dict>
			<key>fileEncoding</key>
			<string>4</string>
			<key>isa</key>
			<string>PBXFileReference</string>
			<key>lastKnownFileType</key>
			<string>sourcecode.c.h</string>
			<key>name</key>
			<string>EXPBlockDefinedMatcher.h</string>
			<key>path</key>
			<string>../Vendor/Expecta/products/EXPBlockDefinedMatcher.h</string>
			<key>sourceTree</key>
			<string>&lt;group&gt;</string>
		</dict>
		<key>A43711FC16A52CB90084D675</key>
		<dict>
			<key>fileEncoding</key>
			<string>4</string>
			<key>isa</key>
			<string>PBXFileReference</string>
			<key>lastKnownFileType</key>
			<string>sourcecode.c.h</string>
			<key>name</key>
			<string>EXPDefines.h</string>
			<key>path</key>
			<string>../Vendor/Expecta/products/EXPDefines.h</string>
			<key>sourceTree</key>
			<string>&lt;group&gt;</string>
		</dict>
		<key>A43711FD16A52CB90084D675</key>
		<dict>
			<key>fileEncoding</key>
			<string>4</string>
			<key>isa</key>
			<string>PBXFileReference</string>
			<key>lastKnownFileType</key>
			<string>sourcecode.c.h</string>
			<key>name</key>
			<string>EXPDoubleTuple.h</string>
			<key>path</key>
			<string>../Vendor/Expecta/products/EXPDoubleTuple.h</string>
			<key>sourceTree</key>
			<string>&lt;group&gt;</string>
		</dict>
		<key>A43711FE16A52CB90084D675</key>
		<dict>
			<key>fileEncoding</key>
			<string>4</string>
			<key>isa</key>
			<string>PBXFileReference</string>
			<key>lastKnownFileType</key>
			<string>sourcecode.c.h</string>
			<key>name</key>
			<string>Expecta.h</string>
			<key>path</key>
			<string>../Vendor/Expecta/products/Expecta.h</string>
			<key>sourceTree</key>
			<string>&lt;group&gt;</string>
		</dict>
		<key>A43711FF16A52CB90084D675</key>
		<dict>
			<key>fileEncoding</key>
			<string>4</string>
			<key>isa</key>
			<string>PBXFileReference</string>
			<key>lastKnownFileType</key>
			<string>sourcecode.c.h</string>
			<key>name</key>
			<string>ExpectaSupport.h</string>
			<key>path</key>
			<string>../Vendor/Expecta/products/ExpectaSupport.h</string>
			<key>sourceTree</key>
			<string>&lt;group&gt;</string>
		</dict>
		<key>A437120016A52CB90084D675</key>
		<dict>
			<key>fileEncoding</key>
			<string>4</string>
			<key>isa</key>
			<string>PBXFileReference</string>
			<key>lastKnownFileType</key>
			<string>sourcecode.c.h</string>
			<key>name</key>
			<string>EXPExpect.h</string>
			<key>path</key>
			<string>../Vendor/Expecta/products/EXPExpect.h</string>
			<key>sourceTree</key>
			<string>&lt;group&gt;</string>
		</dict>
		<key>A437120116A52CB90084D675</key>
		<dict>
			<key>fileEncoding</key>
			<string>4</string>
			<key>isa</key>
			<string>PBXFileReference</string>
			<key>lastKnownFileType</key>
			<string>sourcecode.c.h</string>
			<key>name</key>
			<string>EXPFloatTuple.h</string>
			<key>path</key>
			<string>../Vendor/Expecta/products/EXPFloatTuple.h</string>
			<key>sourceTree</key>
			<string>&lt;group&gt;</string>
		</dict>
		<key>A437120216A52CB90084D675</key>
		<dict>
			<key>fileEncoding</key>
			<string>4</string>
			<key>isa</key>
			<string>PBXFileReference</string>
			<key>lastKnownFileType</key>
			<string>sourcecode.c.h</string>
			<key>name</key>
			<string>EXPMatcher.h</string>
			<key>path</key>
			<string>../Vendor/Expecta/products/EXPMatcher.h</string>
			<key>sourceTree</key>
			<string>&lt;group&gt;</string>
		</dict>
		<key>A437120316A52CB90084D675</key>
		<dict>
			<key>fileEncoding</key>
			<string>4</string>
			<key>isa</key>
			<string>PBXFileReference</string>
			<key>lastKnownFileType</key>
			<string>sourcecode.c.h</string>
			<key>name</key>
			<string>EXPMatcherHelpers.h</string>
			<key>path</key>
			<string>../Vendor/Expecta/products/EXPMatcherHelpers.h</string>
			<key>sourceTree</key>
			<string>&lt;group&gt;</string>
		</dict>
		<key>A437120416A52CB90084D675</key>
		<dict>
			<key>fileEncoding</key>
			<string>4</string>
			<key>isa</key>
			<string>PBXFileReference</string>
			<key>lastKnownFileType</key>
			<string>sourcecode.c.h</string>
			<key>name</key>
			<string>EXPMatchers.h</string>
			<key>path</key>
			<string>../Vendor/Expecta/products/EXPMatchers.h</string>
			<key>sourceTree</key>
			<string>&lt;group&gt;</string>
		</dict>
		<key>A437120516A52CB90084D675</key>
		<dict>
			<key>fileEncoding</key>
			<string>4</string>
			<key>isa</key>
			<string>PBXFileReference</string>
			<key>lastKnownFileType</key>
			<string>sourcecode.c.h</string>
			<key>name</key>
			<string>EXPMatchers+beCloseTo.h</string>
			<key>path</key>
			<string>../Vendor/Expecta/products/EXPMatchers+beCloseTo.h</string>
			<key>sourceTree</key>
			<string>&lt;group&gt;</string>
		</dict>
		<key>A437120616A52CB90084D675</key>
		<dict>
			<key>fileEncoding</key>
			<string>4</string>
			<key>isa</key>
			<string>PBXFileReference</string>
			<key>lastKnownFileType</key>
			<string>sourcecode.c.h</string>
			<key>name</key>
			<string>EXPMatchers+beFalsy.h</string>
			<key>path</key>
			<string>../Vendor/Expecta/products/EXPMatchers+beFalsy.h</string>
			<key>sourceTree</key>
			<string>&lt;group&gt;</string>
		</dict>
		<key>A437120716A52CB90084D675</key>
		<dict>
			<key>fileEncoding</key>
			<string>4</string>
			<key>isa</key>
			<string>PBXFileReference</string>
			<key>lastKnownFileType</key>
			<string>sourcecode.c.h</string>
			<key>name</key>
			<string>EXPMatchers+beGreaterThan.h</string>
			<key>path</key>
			<string>../Vendor/Expecta/products/EXPMatchers+beGreaterThan.h</string>
			<key>sourceTree</key>
			<string>&lt;group&gt;</string>
		</dict>
		<key>A437120816A52CB90084D675</key>
		<dict>
			<key>fileEncoding</key>
			<string>4</string>
			<key>isa</key>
			<string>PBXFileReference</string>
			<key>lastKnownFileType</key>
			<string>sourcecode.c.h</string>
			<key>name</key>
			<string>EXPMatchers+beGreaterThanOrEqualTo.h</string>
			<key>path</key>
			<string>../Vendor/Expecta/products/EXPMatchers+beGreaterThanOrEqualTo.h</string>
			<key>sourceTree</key>
			<string>&lt;group&gt;</string>
		</dict>
		<key>A437120916A52CB90084D675</key>
		<dict>
			<key>fileEncoding</key>
			<string>4</string>
			<key>isa</key>
			<string>PBXFileReference</string>
			<key>lastKnownFileType</key>
			<string>sourcecode.c.h</string>
			<key>name</key>
			<string>EXPMatchers+beIdenticalTo.h</string>
			<key>path</key>
			<string>../Vendor/Expecta/products/EXPMatchers+beIdenticalTo.h</string>
			<key>sourceTree</key>
			<string>&lt;group&gt;</string>
		</dict>
		<key>A437120A16A52CB90084D675</key>
		<dict>
			<key>fileEncoding</key>
			<string>4</string>
			<key>isa</key>
			<string>PBXFileReference</string>
			<key>lastKnownFileType</key>
			<string>sourcecode.c.h</string>
			<key>name</key>
			<string>EXPMatchers+beInstanceOf.h</string>
			<key>path</key>
			<string>../Vendor/Expecta/products/EXPMatchers+beInstanceOf.h</string>
			<key>sourceTree</key>
			<string>&lt;group&gt;</string>
		</dict>
		<key>A437120B16A52CB90084D675</key>
		<dict>
			<key>fileEncoding</key>
			<string>4</string>
			<key>isa</key>
			<string>PBXFileReference</string>
			<key>lastKnownFileType</key>
			<string>sourcecode.c.h</string>
			<key>name</key>
			<string>EXPMatchers+beInTheRangeOf.h</string>
			<key>path</key>
			<string>../Vendor/Expecta/products/EXPMatchers+beInTheRangeOf.h</string>
			<key>sourceTree</key>
			<string>&lt;group&gt;</string>
		</dict>
		<key>A437120C16A52CB90084D675</key>
		<dict>
			<key>fileEncoding</key>
			<string>4</string>
			<key>isa</key>
			<string>PBXFileReference</string>
			<key>lastKnownFileType</key>
			<string>sourcecode.c.h</string>
			<key>name</key>
			<string>EXPMatchers+beKindOf.h</string>
			<key>path</key>
			<string>../Vendor/Expecta/products/EXPMatchers+beKindOf.h</string>
			<key>sourceTree</key>
			<string>&lt;group&gt;</string>
		</dict>
		<key>A437120D16A52CB90084D675</key>
		<dict>
			<key>fileEncoding</key>
			<string>4</string>
			<key>isa</key>
			<string>PBXFileReference</string>
			<key>lastKnownFileType</key>
			<string>sourcecode.c.h</string>
			<key>name</key>
			<string>EXPMatchers+beLessThan.h</string>
			<key>path</key>
			<string>../Vendor/Expecta/products/EXPMatchers+beLessThan.h</string>
			<key>sourceTree</key>
			<string>&lt;group&gt;</string>
		</dict>
		<key>A437120E16A52CB90084D675</key>
		<dict>
			<key>fileEncoding</key>
			<string>4</string>
			<key>isa</key>
			<string>PBXFileReference</string>
			<key>lastKnownFileType</key>
			<string>sourcecode.c.h</string>
			<key>name</key>
			<string>EXPMatchers+beLessThanOrEqualTo.h</string>
			<key>path</key>
			<string>../Vendor/Expecta/products/EXPMatchers+beLessThanOrEqualTo.h</string>
			<key>sourceTree</key>
			<string>&lt;group&gt;</string>
		</dict>
		<key>A437120F16A52CB90084D675</key>
		<dict>
			<key>fileEncoding</key>
			<string>4</string>
			<key>isa</key>
			<string>PBXFileReference</string>
			<key>lastKnownFileType</key>
			<string>sourcecode.c.h</string>
			<key>name</key>
			<string>EXPMatchers+beNil.h</string>
			<key>path</key>
			<string>../Vendor/Expecta/products/EXPMatchers+beNil.h</string>
			<key>sourceTree</key>
			<string>&lt;group&gt;</string>
		</dict>
		<key>A437121016A52CB90084D675</key>
		<dict>
			<key>fileEncoding</key>
			<string>4</string>
			<key>isa</key>
			<string>PBXFileReference</string>
			<key>lastKnownFileType</key>
			<string>sourcecode.c.h</string>
			<key>name</key>
			<string>EXPMatchers+beSubclassOf.h</string>
			<key>path</key>
			<string>../Vendor/Expecta/products/EXPMatchers+beSubclassOf.h</string>
			<key>sourceTree</key>
			<string>&lt;group&gt;</string>
		</dict>
		<key>A437121116A52CB90084D675</key>
		<dict>
			<key>fileEncoding</key>
			<string>4</string>
			<key>isa</key>
			<string>PBXFileReference</string>
			<key>lastKnownFileType</key>
			<string>sourcecode.c.h</string>
			<key>name</key>
			<string>EXPMatchers+beTruthy.h</string>
			<key>path</key>
			<string>../Vendor/Expecta/products/EXPMatchers+beTruthy.h</string>
			<key>sourceTree</key>
			<string>&lt;group&gt;</string>
		</dict>
		<key>A437121216A52CB90084D675</key>
		<dict>
			<key>fileEncoding</key>
			<string>4</string>
			<key>isa</key>
			<string>PBXFileReference</string>
			<key>lastKnownFileType</key>
			<string>sourcecode.c.h</string>
			<key>name</key>
			<string>EXPMatchers+contain.h</string>
			<key>path</key>
			<string>../Vendor/Expecta/products/EXPMatchers+contain.h</string>
			<key>sourceTree</key>
			<string>&lt;group&gt;</string>
		</dict>
		<key>A437121316A52CB90084D675</key>
		<dict>
			<key>fileEncoding</key>
			<string>4</string>
			<key>isa</key>
			<string>PBXFileReference</string>
			<key>lastKnownFileType</key>
			<string>sourcecode.c.h</string>
			<key>name</key>
			<string>EXPMatchers+equal.h</string>
			<key>path</key>
			<string>../Vendor/Expecta/products/EXPMatchers+equal.h</string>
			<key>sourceTree</key>
			<string>&lt;group&gt;</string>
		</dict>
		<key>A437121416A52CB90084D675</key>
		<dict>
			<key>fileEncoding</key>
			<string>4</string>
			<key>isa</key>
			<string>PBXFileReference</string>
			<key>lastKnownFileType</key>
			<string>sourcecode.c.h</string>
			<key>name</key>
			<string>EXPMatchers+haveCountOf.h</string>
			<key>path</key>
			<string>../Vendor/Expecta/products/EXPMatchers+haveCountOf.h</string>
			<key>sourceTree</key>
			<string>&lt;group&gt;</string>
		</dict>
		<key>A437121516A52CB90084D675</key>
		<dict>
			<key>fileEncoding</key>
			<string>4</string>
			<key>isa</key>
			<string>PBXFileReference</string>
			<key>lastKnownFileType</key>
			<string>sourcecode.c.h</string>
			<key>name</key>
			<string>EXPMatchers+raise.h</string>
			<key>path</key>
			<string>../Vendor/Expecta/products/EXPMatchers+raise.h</string>
			<key>sourceTree</key>
			<string>&lt;group&gt;</string>
		</dict>
		<key>A437121616A52CB90084D675</key>
		<dict>
			<key>fileEncoding</key>
			<string>4</string>
			<key>isa</key>
			<string>PBXFileReference</string>
			<key>lastKnownFileType</key>
			<string>sourcecode.c.h</string>
			<key>name</key>
			<string>EXPUnsupportedObject.h</string>
			<key>path</key>
			<string>../Vendor/Expecta/products/EXPUnsupportedObject.h</string>
			<key>sourceTree</key>
			<string>&lt;group&gt;</string>
		</dict>
		<key>A437121716A52CB90084D675</key>
		<dict>
			<key>isa</key>
			<string>PBXFileReference</string>
			<key>lastKnownFileType</key>
			<string>archive.ar</string>
			<key>name</key>
			<string>libExpecta-ios-universal.a</string>
			<key>path</key>
			<string>../Vendor/Expecta/products/libExpecta-ios-universal.a</string>
			<key>sourceTree</key>
			<string>&lt;group&gt;</string>
		</dict>
		<key>A437121816A52CB90084D675</key>
		<dict>
			<key>fileEncoding</key>
			<string>4</string>
			<key>isa</key>
			<string>PBXFileReference</string>
			<key>lastKnownFileType</key>
			<string>sourcecode.c.h</string>
			<key>name</key>
			<string>NSObject+Expecta.h</string>
			<key>path</key>
			<string>../Vendor/Expecta/products/NSObject+Expecta.h</string>
			<key>sourceTree</key>
			<string>&lt;group&gt;</string>
		</dict>
		<key>A437121916A52CB90084D675</key>
		<dict>
			<key>fileEncoding</key>
			<string>4</string>
			<key>isa</key>
			<string>PBXFileReference</string>
			<key>lastKnownFileType</key>
			<string>sourcecode.c.h</string>
			<key>name</key>
			<string>NSValue+Expecta.h</string>
			<key>path</key>
			<string>../Vendor/Expecta/products/NSValue+Expecta.h</string>
			<key>sourceTree</key>
			<string>&lt;group&gt;</string>
		</dict>
		<key>A437121A16A52CB90084D675</key>
		<dict>
			<key>fileRef</key>
			<string>A437121716A52CB90084D675</string>
			<key>isa</key>
			<string>PBXBuildFile</string>
		</dict>
		<key>A43E971C16A64C2200E05562</key>
		<dict>
			<key>fileEncoding</key>
			<string>4</string>
			<key>isa</key>
			<string>PBXFileReference</string>
			<key>lastKnownFileType</key>
			<string>sourcecode.c.objc</string>
			<key>path</key>
			<string>HubKitAuthorizationSpec.m</string>
			<key>sourceTree</key>
			<string>&lt;group&gt;</string>
		</dict>
		<key>A43E971D16A64C2200E05562</key>
		<dict>
			<key>fileRef</key>
			<string>A43E971C16A64C2200E05562</string>
			<key>isa</key>
			<string>PBXBuildFile</string>
		</dict>
		<key>A43E972C16A65A6100E05562</key>
		<dict>
			<key>fileEncoding</key>
			<string>4</string>
			<key>isa</key>
			<string>PBXFileReference</string>
			<key>lastKnownFileType</key>
			<string>sourcecode.c.h</string>
			<key>path</key>
			<string>HKRepositoryViewController.h</string>
			<key>sourceTree</key>
			<string>&lt;group&gt;</string>
		</dict>
		<key>A43E972D16A65A6100E05562</key>
		<dict>
			<key>fileEncoding</key>
			<string>4</string>
			<key>isa</key>
			<string>PBXFileReference</string>
			<key>lastKnownFileType</key>
			<string>sourcecode.c.objc</string>
			<key>path</key>
			<string>HKRepositoryViewController.m</string>
			<key>sourceTree</key>
			<string>&lt;group&gt;</string>
		</dict>
		<key>A43E972E16A65A6100E05562</key>
		<dict>
			<key>fileRef</key>
			<string>A43E972D16A65A6100E05562</string>
			<key>isa</key>
			<string>PBXBuildFile</string>
		</dict>
		<key>A43E972F16A660BE00E05562</key>
		<dict>
			<key>fileEncoding</key>
			<string>4</string>
			<key>isa</key>
			<string>PBXFileReference</string>
			<key>lastKnownFileType</key>
			<string>sourcecode.c.h</string>
			<key>name</key>
			<string>HKKeychain.h</string>
			<key>path</key>
			<string>../HubKit/HKKeychain.h</string>
			<key>sourceTree</key>
			<string>&lt;group&gt;</string>
		</dict>
		<key>A43E973016A660BE00E05562</key>
		<dict>
			<key>fileEncoding</key>
			<string>4</string>
			<key>isa</key>
			<string>PBXFileReference</string>
			<key>lastKnownFileType</key>
			<string>sourcecode.c.objc</string>
			<key>name</key>
			<string>HKKeychain.m</string>
			<key>path</key>
			<string>../HubKit/HKKeychain.m</string>
			<key>sourceTree</key>
			<string>&lt;group&gt;</string>
		</dict>
		<key>A43E973116A660BE00E05562</key>
		<dict>
			<key>fileRef</key>
			<string>A43E973016A660BE00E05562</string>
			<key>isa</key>
			<string>PBXBuildFile</string>
		</dict>
		<key>A43E973216A6657F00E05562</key>
		<dict>
			<key>fileEncoding</key>
			<string>4</string>
			<key>isa</key>
			<string>PBXFileReference</string>
			<key>lastKnownFileType</key>
			<string>sourcecode.c.h</string>
			<key>path</key>
			<string>HKLoginViewController.h</string>
			<key>sourceTree</key>
			<string>&lt;group&gt;</string>
		</dict>
		<key>A43E973316A6657F00E05562</key>
		<dict>
			<key>fileEncoding</key>
			<string>4</string>
			<key>isa</key>
			<string>PBXFileReference</string>
			<key>lastKnownFileType</key>
			<string>sourcecode.c.objc</string>
			<key>path</key>
			<string>HKLoginViewController.m</string>
			<key>sourceTree</key>
			<string>&lt;group&gt;</string>
		</dict>
		<key>A43E973416A6657F00E05562</key>
		<dict>
			<key>fileEncoding</key>
			<string>4</string>
			<key>isa</key>
			<string>PBXFileReference</string>
			<key>lastKnownFileType</key>
			<string>file.xib</string>
			<key>path</key>
			<string>HKLoginViewController.xib</string>
			<key>sourceTree</key>
			<string>&lt;group&gt;</string>
		</dict>
		<key>A43E973516A6657F00E05562</key>
		<dict>
			<key>fileRef</key>
			<string>A43E973316A6657F00E05562</string>
			<key>isa</key>
			<string>PBXBuildFile</string>
		</dict>
		<key>A43E973616A6657F00E05562</key>
		<dict>
			<key>fileRef</key>
			<string>A43E973416A6657F00E05562</string>
			<key>isa</key>
			<string>PBXBuildFile</string>
		</dict>
		<key>A43E977E16A67E5500E05562</key>
		<dict>
			<key>fileEncoding</key>
			<string>4</string>
			<key>isa</key>
			<string>PBXFileReference</string>
			<key>lastKnownFileType</key>
			<string>sourcecode.c.h</string>
			<key>name</key>
			<string>HKUser.h</string>
			<key>path</key>
			<string>../HubKit/HKUser.h</string>
			<key>sourceTree</key>
			<string>&lt;group&gt;</string>
		</dict>
		<key>A43E977F16A67E5500E05562</key>
		<dict>
			<key>fileEncoding</key>
			<string>4</string>
			<key>isa</key>
			<string>PBXFileReference</string>
			<key>lastKnownFileType</key>
			<string>sourcecode.c.objc</string>
			<key>name</key>
			<string>HKUser.m</string>
			<key>path</key>
			<string>../HubKit/HKUser.m</string>
			<key>sourceTree</key>
			<string>&lt;group&gt;</string>
		</dict>
		<key>A43E978016A67E5500E05562</key>
		<dict>
			<key>fileRef</key>
			<string>A43E977F16A67E5500E05562</string>
			<key>isa</key>
			<string>PBXBuildFile</string>
		</dict>
		<key>A43E978216A6820800E05562</key>
		<dict>
			<key>fileEncoding</key>
			<string>4</string>
			<key>isa</key>
			<string>PBXFileReference</string>
			<key>lastKnownFileType</key>
			<string>sourcecode.c.h</string>
			<key>name</key>
			<string>NSArray+HKExtensions.h</string>
			<key>path</key>
			<string>../HubKit/NSArray+HKExtensions.h</string>
			<key>sourceTree</key>
			<string>&lt;group&gt;</string>
		</dict>
		<key>A43E978316A6820800E05562</key>
		<dict>
			<key>fileEncoding</key>
			<string>4</string>
			<key>isa</key>
			<string>PBXFileReference</string>
			<key>lastKnownFileType</key>
			<string>sourcecode.c.objc</string>
			<key>name</key>
			<string>NSArray+HKExtensions.m</string>
			<key>path</key>
			<string>../HubKit/NSArray+HKExtensions.m</string>
			<key>sourceTree</key>
			<string>&lt;group&gt;</string>
		</dict>
		<key>A43E978416A6820800E05562</key>
		<dict>
			<key>fileRef</key>
			<string>A43E978316A6820800E05562</string>
			<key>isa</key>
			<string>PBXBuildFile</string>
		</dict>
		<key>A4A3924716A4D528004A2878</key>
		<dict>
			<key>buildActionMask</key>
			<string>2147483647</string>
			<key>files</key>
			<array>
				<string>57AA0A9816A6A17A00F9E033</string>
				<string>A4A3927B16A51B68004A2878</string>
				<string>A4A3927D16A51B6D004A2878</string>
				<string>A4A3927E16A51B6D004A2878</string>
				<string>A4A3927F16A51B74004A2878</string>
				<string>A4A3928016A51B74004A2878</string>
				<string>A4A3928116A51B74004A2878</string>
				<string>A4A3928216A51B74004A2878</string>
				<string>A4A3928316A51B74004A2878</string>
				<string>A4A3928416A51B74004A2878</string>
				<string>A4A3928C16A51B9A004A2878</string>
				<string>A4A3928D16A51B9A004A2878</string>
				<string>A4A3928E16A51B9A004A2878</string>
				<string>A4A3929316A51B9A004A2878</string>
				<string>A4A3929416A51BA9004A2878</string>
				<string>A43E971D16A64C2200E05562</string>
				<string>A4B3C0F916A78DE000643BF3</string>
				<string>A4B3C0FF16A7C67C00643BF3</string>
				<string>A4B3C10116A7C9F300643BF3</string>
				<string>A4B3C10616A7CE3700643BF3</string>
			</array>
			<key>isa</key>
			<string>PBXSourcesBuildPhase</string>
			<key>runOnlyForDeploymentPostprocessing</key>
			<string>0</string>
		</dict>
		<key>A4A3924816A4D528004A2878</key>
		<dict>
			<key>buildActionMask</key>
			<string>2147483647</string>
			<key>files</key>
			<array>
				<string>A43711EB16A521C00084D675</string>
				<string>A4A3924E16A4D528004A2878</string>
				<string>A4A3924F16A4D528004A2878</string>
				<string>A4A3925016A4D528004A2878</string>
				<string>A4A3929516A51BD8004A2878</string>
				<string>A4A3929616A51BD8004A2878</string>
				<string>A4A3929716A51BD8004A2878</string>
				<string>A4A3929816A51BD8004A2878</string>
				<string>A43711F916A52C9F0084D675</string>
				<string>A437121A16A52CB90084D675</string>
			</array>
			<key>isa</key>
			<string>PBXFrameworksBuildPhase</string>
			<key>runOnlyForDeploymentPostprocessing</key>
			<string>0</string>
		</dict>
		<key>A4A3924916A4D528004A2878</key>
		<dict>
			<key>buildActionMask</key>
			<string>2147483647</string>
			<key>files</key>
			<array>
				<string>A4A3925616A4D528004A2878</string>
			</array>
			<key>isa</key>
			<string>PBXResourcesBuildPhase</string>
			<key>runOnlyForDeploymentPostprocessing</key>
			<string>0</string>
		</dict>
		<key>A4A3924A16A4D528004A2878</key>
		<dict>
			<key>buildActionMask</key>
			<string>2147483647</string>
			<key>files</key>
			<array/>
			<key>inputPaths</key>
			<array/>
			<key>isa</key>
			<string>PBXShellScriptBuildPhase</string>
			<key>outputPaths</key>
			<array/>
			<key>runOnlyForDeploymentPostprocessing</key>
			<string>0</string>
			<key>shellPath</key>
			<string>/bin/sh</string>
			<key>shellScript</key>
			<string># Run the unit tests in this test bundle.
"${SYSTEM_DEVELOPER_DIR}/Tools/RunUnitTests"
</string>
		</dict>
		<key>A4A3924B16A4D528004A2878</key>
		<dict>
			<key>buildConfigurationList</key>
			<string>A4A3925D16A4D528004A2878</string>
			<key>buildPhases</key>
			<array>
				<string>A4A3924716A4D528004A2878</string>
				<string>A4A3924816A4D528004A2878</string>
				<string>A4A3924916A4D528004A2878</string>
				<string>A4A3924A16A4D528004A2878</string>
			</array>
			<key>buildRules</key>
			<array/>
			<key>dependencies</key>
			<array/>
			<key>isa</key>
			<string>PBXNativeTarget</string>
			<key>name</key>
			<string>HubKit-iOS-UnitTests</string>
			<key>productName</key>
			<string>HubKit-iOS-UnitTests</string>
			<key>productReference</key>
			<string>A4A3924C16A4D528004A2878</string>
			<key>productType</key>
			<string>com.apple.product-type.bundle</string>
		</dict>
		<key>A4A3924C16A4D528004A2878</key>
		<dict>
			<key>explicitFileType</key>
			<string>wrapper.cfbundle</string>
			<key>includeInIndex</key>
			<string>0</string>
			<key>isa</key>
			<string>PBXFileReference</string>
			<key>name</key>
			<string>HubKit-iOS-UnitTests.octest</string>
			<key>path</key>
			<string>HubKit-iOS-UnitTests.octest</string>
			<key>sourceTree</key>
			<string>BUILT_PRODUCTS_DIR</string>
		</dict>
		<key>A4A3924D16A4D528004A2878</key>
		<dict>
			<key>isa</key>
			<string>PBXFileReference</string>
			<key>lastKnownFileType</key>
			<string>wrapper.framework</string>
			<key>name</key>
			<string>SenTestingKit.framework</string>
			<key>path</key>
			<string>Library/Frameworks/SenTestingKit.framework</string>
			<key>sourceTree</key>
			<string>DEVELOPER_DIR</string>
		</dict>
		<key>A4A3924E16A4D528004A2878</key>
		<dict>
			<key>fileRef</key>
			<string>A4A3924D16A4D528004A2878</string>
			<key>isa</key>
			<string>PBXBuildFile</string>
		</dict>
		<key>A4A3924F16A4D528004A2878</key>
		<dict>
			<key>fileRef</key>
			<string>A42E5E0B16A278A200BB5907</string>
			<key>isa</key>
			<string>PBXBuildFile</string>
		</dict>
		<key>A4A3925016A4D528004A2878</key>
		<dict>
			<key>fileRef</key>
			<string>A42E5E0D16A278A200BB5907</string>
			<key>isa</key>
			<string>PBXBuildFile</string>
		</dict>
		<key>A4A3925116A4D528004A2878</key>
		<dict>
			<key>children</key>
			<array>
				<string>A4B3C10216A7CBAB00643BF3</string>
				<string>A4A3925216A4D528004A2878</string>
				<string>A43E971C16A64C2200E05562</string>
				<string>A4B3C10016A7C9F300643BF3</string>
			</array>
			<key>isa</key>
			<string>PBXGroup</string>
			<key>path</key>
			<string>HubKit-iOS-UnitTests</string>
			<key>sourceTree</key>
			<string>&lt;group&gt;</string>
		</dict>
		<key>A4A3925216A4D528004A2878</key>
		<dict>
			<key>children</key>
			<array>
				<string>A4A3925316A4D528004A2878</string>
				<string>A4A3925416A4D528004A2878</string>
				<string>A4A3925A16A4D528004A2878</string>
			</array>
			<key>isa</key>
			<string>PBXGroup</string>
			<key>name</key>
			<string>Supporting Files</string>
			<key>sourceTree</key>
			<string>&lt;group&gt;</string>
		</dict>
		<key>A4A3925316A4D528004A2878</key>
		<dict>
			<key>isa</key>
			<string>PBXFileReference</string>
			<key>lastKnownFileType</key>
			<string>text.plist.xml</string>
			<key>path</key>
			<string>HubKit-iOS-UnitTests-Info.plist</string>
			<key>sourceTree</key>
			<string>&lt;group&gt;</string>
		</dict>
		<key>A4A3925416A4D528004A2878</key>
		<dict>
			<key>children</key>
			<array>
				<string>A4A3925516A4D528004A2878</string>
			</array>
			<key>isa</key>
			<string>PBXVariantGroup</string>
			<key>name</key>
			<string>InfoPlist.strings</string>
			<key>sourceTree</key>
			<string>&lt;group&gt;</string>
		</dict>
		<key>A4A3925516A4D528004A2878</key>
		<dict>
			<key>isa</key>
			<string>PBXFileReference</string>
			<key>lastKnownFileType</key>
			<string>text.plist.strings</string>
			<key>name</key>
			<string>en</string>
			<key>path</key>
			<string>en.lproj/InfoPlist.strings</string>
			<key>sourceTree</key>
			<string>&lt;group&gt;</string>
		</dict>
		<key>A4A3925616A4D528004A2878</key>
		<dict>
			<key>fileRef</key>
			<string>A4A3925416A4D528004A2878</string>
			<key>isa</key>
			<string>PBXBuildFile</string>
		</dict>
		<key>A4A3925A16A4D528004A2878</key>
		<dict>
			<key>isa</key>
			<string>PBXFileReference</string>
			<key>lastKnownFileType</key>
			<string>sourcecode.c.h</string>
			<key>path</key>
			<string>HubKit-iOS-UnitTests-Prefix.pch</string>
			<key>sourceTree</key>
			<string>&lt;group&gt;</string>
		</dict>
		<key>A4A3925B16A4D528004A2878</key>
		<dict>
			<key>buildSettings</key>
			<dict>
				<key>FRAMEWORK_SEARCH_PATHS</key>
				<array>
					<string>$(SDKROOT)/Developer/Library/Frameworks</string>
					<string>$(SRCROOT)/../Vendor/**</string>
				</array>
				<key>GCC_PRECOMPILE_PREFIX_HEADER</key>
				<string>YES</string>
				<key>GCC_PREFIX_HEADER</key>
				<string>HubKit-iOS-UnitTests/HubKit-iOS-UnitTests-Prefix.pch</string>
				<key>HEADER_SEARCH_PATHS</key>
				<string>"$(SRCROOT)/../Vendor/OCMock"/**</string>
				<key>INFOPLIST_FILE</key>
				<string>HubKit-iOS-UnitTests/HubKit-iOS-UnitTests-Info.plist</string>
				<key>LIBRARY_SEARCH_PATHS</key>
				<array>
					<string>$(inherited)</string>
					<string>"$(SRCROOT)/../Vendor/OCMock"/**</string>
					<string>"$(SRCROOT)/../Vendor/Specta/products"</string>
					<string>"$(SRCROOT)/../Vendor/Expecta/products"</string>
				</array>
				<key>OTHER_LDFLAGS</key>
				<array>
					<string>-ObjC</string>
					<string>-all_load</string>
				</array>
				<key>PRODUCT_NAME</key>
				<string>$(TARGET_NAME)</string>
				<key>WRAPPER_EXTENSION</key>
				<string>octest</string>
			</dict>
			<key>isa</key>
			<string>XCBuildConfiguration</string>
			<key>name</key>
			<string>Debug</string>
		</dict>
		<key>A4A3925C16A4D528004A2878</key>
		<dict>
			<key>buildSettings</key>
			<dict>
				<key>FRAMEWORK_SEARCH_PATHS</key>
				<array>
					<string>$(SDKROOT)/Developer/Library/Frameworks</string>
					<string>$(SRCROOT)/../Vendor/**</string>
				</array>
				<key>GCC_PRECOMPILE_PREFIX_HEADER</key>
				<string>YES</string>
				<key>GCC_PREFIX_HEADER</key>
				<string>HubKit-iOS-UnitTests/HubKit-iOS-UnitTests-Prefix.pch</string>
				<key>HEADER_SEARCH_PATHS</key>
				<string>"$(SRCROOT)/../Vendor/OCMock"/**</string>
				<key>INFOPLIST_FILE</key>
				<string>HubKit-iOS-UnitTests/HubKit-iOS-UnitTests-Info.plist</string>
				<key>LIBRARY_SEARCH_PATHS</key>
				<array>
					<string>$(inherited)</string>
					<string>"$(SRCROOT)/../Vendor/OCMock"/**</string>
					<string>"$(SRCROOT)/../Vendor/Specta/products"</string>
					<string>"$(SRCROOT)/../Vendor/Expecta/products"</string>
				</array>
				<key>OTHER_LDFLAGS</key>
				<array>
					<string>-ObjC</string>
					<string>-all_load</string>
				</array>
				<key>PRODUCT_NAME</key>
				<string>$(TARGET_NAME)</string>
				<key>WRAPPER_EXTENSION</key>
				<string>octest</string>
			</dict>
			<key>isa</key>
			<string>XCBuildConfiguration</string>
			<key>name</key>
			<string>Release</string>
		</dict>
		<key>A4A3925D16A4D528004A2878</key>
		<dict>
			<key>buildConfigurations</key>
			<array>
				<string>A4A3925B16A4D528004A2878</string>
				<string>A4A3925C16A4D528004A2878</string>
			</array>
			<key>defaultConfigurationIsVisible</key>
			<string>0</string>
			<key>defaultConfigurationName</key>
			<string>Release</string>
			<key>isa</key>
			<string>XCConfigurationList</string>
		</dict>
		<key>A4A3927B16A51B68004A2878</key>
		<dict>
			<key>fileRef</key>
			<string>A42E5E5416A27BAF00BB5907</string>
			<key>isa</key>
			<string>PBXBuildFile</string>
		</dict>
		<key>A4A3927D16A51B6D004A2878</key>
		<dict>
			<key>fileRef</key>
			<string>A42E5E5616A27BAF00BB5907</string>
			<key>isa</key>
			<string>PBXBuildFile</string>
		</dict>
		<key>A4A3927E16A51B6D004A2878</key>
		<dict>
			<key>fileRef</key>
			<string>A42E5E5816A27BAF00BB5907</string>
			<key>isa</key>
			<string>PBXBuildFile</string>
		</dict>
		<key>A4A3927F16A51B74004A2878</key>
		<dict>
			<key>fileRef</key>
			<string>A42E5E5A16A27BAF00BB5907</string>
			<key>isa</key>
			<string>PBXBuildFile</string>
		</dict>
		<key>A4A3928016A51B74004A2878</key>
		<dict>
			<key>fileRef</key>
			<string>A42E5E5C16A27BAF00BB5907</string>
			<key>isa</key>
			<string>PBXBuildFile</string>
		</dict>
		<key>A4A3928116A51B74004A2878</key>
		<dict>
			<key>fileRef</key>
			<string>A42E5E5F16A27BAF00BB5907</string>
			<key>isa</key>
			<string>PBXBuildFile</string>
		</dict>
		<key>A4A3928216A51B74004A2878</key>
		<dict>
			<key>fileRef</key>
			<string>A42E5E6116A27BAF00BB5907</string>
			<key>isa</key>
			<string>PBXBuildFile</string>
		</dict>
		<key>A4A3928316A51B74004A2878</key>
		<dict>
			<key>fileRef</key>
			<string>A42E5E6316A27BAF00BB5907</string>
			<key>isa</key>
			<string>PBXBuildFile</string>
		</dict>
		<key>A4A3928416A51B74004A2878</key>
		<dict>
			<key>fileRef</key>
			<string>A42E5E6516A27BAF00BB5907</string>
			<key>isa</key>
			<string>PBXBuildFile</string>
		</dict>
		<key>A4A3928C16A51B9A004A2878</key>
		<dict>
			<key>fileRef</key>
			<string>A42E5E3916A27B0A00BB5907</string>
			<key>isa</key>
			<string>PBXBuildFile</string>
		</dict>
		<key>A4A3928D16A51B9A004A2878</key>
		<dict>
			<key>fileRef</key>
			<string>A42E5E4B16A27B2900BB5907</string>
			<key>isa</key>
			<string>PBXBuildFile</string>
		</dict>
		<key>A4A3928E16A51B9A004A2878</key>
		<dict>
			<key>fileRef</key>
			<string>A42E5E3516A27B0A00BB5907</string>
			<key>isa</key>
			<string>PBXBuildFile</string>
		</dict>
		<key>A4A3929316A51B9A004A2878</key>
		<dict>
			<key>fileRef</key>
			<string>A42E5E7016A27BEE00BB5907</string>
			<key>isa</key>
			<string>PBXBuildFile</string>
		</dict>
		<key>A4A3929416A51BA9004A2878</key>
		<dict>
			<key>fileRef</key>
			<string>A42E5E5116A27BA300BB5907</string>
			<key>isa</key>
			<string>PBXBuildFile</string>
		</dict>
		<key>A4A3929516A51BD8004A2878</key>
		<dict>
			<key>fileRef</key>
			<string>A42E5E7816A27D9100BB5907</string>
			<key>isa</key>
			<string>PBXBuildFile</string>
		</dict>
		<key>A4A3929616A51BD8004A2878</key>
		<dict>
			<key>fileRef</key>
			<string>A42E5E7616A27D8A00BB5907</string>
			<key>isa</key>
			<string>PBXBuildFile</string>
		</dict>
		<key>A4A3929716A51BD8004A2878</key>
		<dict>
			<key>fileRef</key>
			<string>A42E5E7416A27D1F00BB5907</string>
			<key>isa</key>
			<string>PBXBuildFile</string>
		</dict>
		<key>A4A3929816A51BD8004A2878</key>
		<dict>
			<key>fileRef</key>
			<string>A42E5E7216A27D1A00BB5907</string>
			<key>isa</key>
			<string>PBXBuildFile</string>
		</dict>
		<key>A4B3C0F916A78DE000643BF3</key>
		<dict>
			<key>fileRef</key>
			<string>A43E973016A660BE00E05562</string>
			<key>isa</key>
			<string>PBXBuildFile</string>
		</dict>
		<key>A4B3C0FC16A7B38A00643BF3</key>
		<dict>
			<key>fileEncoding</key>
			<string>4</string>
			<key>isa</key>
			<string>PBXFileReference</string>
			<key>lastKnownFileType</key>
			<string>sourcecode.c.h</string>
			<key>name</key>
			<string>HubKit.h</string>
			<key>path</key>
			<string>../HubKit/HubKit.h</string>
			<key>sourceTree</key>
			<string>&lt;group&gt;</string>
		</dict>
		<key>A4B3C0FD16A7B38A00643BF3</key>
		<dict>
			<key>fileEncoding</key>
			<string>4</string>
			<key>isa</key>
			<string>PBXFileReference</string>
			<key>lastKnownFileType</key>
			<string>sourcecode.c.objc</string>
			<key>name</key>
			<string>HubKit.m</string>
			<key>path</key>
			<string>../HubKit/HubKit.m</string>
			<key>sourceTree</key>
			<string>&lt;group&gt;</string>
		</dict>
		<key>A4B3C0FE16A7B38A00643BF3</key>
		<dict>
			<key>fileRef</key>
			<string>A4B3C0FD16A7B38A00643BF3</string>
			<key>isa</key>
			<string>PBXBuildFile</string>
		</dict>
		<key>A4B3C0FF16A7C67C00643BF3</key>
		<dict>
			<key>fileRef</key>
			<string>A4B3C0FD16A7B38A00643BF3</string>
			<key>isa</key>
			<string>PBXBuildFile</string>
		</dict>
		<key>A4B3C10016A7C9F300643BF3</key>
		<dict>
			<key>fileEncoding</key>
			<string>4</string>
			<key>isa</key>
			<string>PBXFileReference</string>
			<key>lastKnownFileType</key>
			<string>sourcecode.c.objc</string>
			<key>path</key>
			<string>HubKitRepositorySpec.m</string>
			<key>sourceTree</key>
			<string>&lt;group&gt;</string>
		</dict>
		<key>A4B3C10116A7C9F300643BF3</key>
		<dict>
			<key>fileRef</key>
			<string>A4B3C10016A7C9F300643BF3</string>
			<key>isa</key>
			<string>PBXBuildFile</string>
		</dict>
		<key>A4B3C10216A7CBAB00643BF3</key>
		<dict>
			<key>children</key>
			<array>
				<string>A4B3C10316A7CBD400643BF3</string>
				<string>A4B3C10416A7CE3700643BF3</string>
				<string>A4B3C10516A7CE3700643BF3</string>
			</array>
			<key>isa</key>
			<string>PBXGroup</string>
			<key>name</key>
			<string>Fixtures</string>
			<key>sourceTree</key>
			<string>&lt;group&gt;</string>
		</dict>
		<key>A4B3C10316A7CBD400643BF3</key>
		<dict>
			<key>isa</key>
			<string>PBXFileReference</string>
			<key>lastKnownFileType</key>
			<string>sourcecode.c.h</string>
			<key>path</key>
			<string>HubKit+HKExtensions.h</string>
			<key>sourceTree</key>
			<string>&lt;group&gt;</string>
		</dict>
		<key>A4B3C10416A7CE3700643BF3</key>
		<dict>
			<key>fileEncoding</key>
			<string>4</string>
			<key>isa</key>
			<string>PBXFileReference</string>
			<key>lastKnownFileType</key>
			<string>sourcecode.c.h</string>
			<key>path</key>
			<string>HKFixtures.h</string>
			<key>sourceTree</key>
			<string>&lt;group&gt;</string>
		</dict>
		<key>A4B3C10516A7CE3700643BF3</key>
		<dict>
			<key>fileEncoding</key>
			<string>4</string>
			<key>isa</key>
			<string>PBXFileReference</string>
			<key>lastKnownFileType</key>
			<string>sourcecode.c.objc</string>
			<key>path</key>
			<string>HKFixtures.m</string>
			<key>sourceTree</key>
			<string>&lt;group&gt;</string>
		</dict>
		<key>A4B3C10616A7CE3700643BF3</key>
		<dict>
			<key>fileRef</key>
			<string>A4B3C10516A7CE3700643BF3</string>
			<key>isa</key>
			<string>PBXBuildFile</string>
		</dict>
	</dict>
	<key>rootObject</key>
	<string>A42E5DFE16A278A200BB5907</string>
</dict>
</plist>
